
Microsoft Visual Studio Solution File, Format Version 12.00
# Visual Studio Version 16
VisualStudioVersion = 16.0.31424.327
MinimumVisualStudioVersion = 10.0.40219.1
Project("{8BC9CEB8-8B4A-11D0-8D11-00A0C91BC942}") = "0001两数之和", "0001两数之和\0001两数之和.vcxproj", "{A90E90EB-E1D2-4567-91BD-46349C5273CA}"
EndProject
Project("{8BC9CEB8-8B4A-11D0-8D11-00A0C91BC942}") = "0003无重复字符的最长子串", "0003无重复字符的最长子串\0003无重复字符的最长子串.vcxproj", "{944F637A-2E4F-4A2A-A68D-89654BA2C274}"
EndProject
Project("{8BC9CEB8-8B4A-11D0-8D11-00A0C91BC942}") = "0004寻找两个正序数组的中位数", "0004寻找两个正序数组的中位数\0004寻找两个正序数组的中位数.vcxproj", "{AC07F399-7FE1-419A-BD88-DB1173470E78}"
EndProject
Project("{8BC9CEB8-8B4A-11D0-8D11-00A0C91BC942}") = "0002两数相加", "0002两数相加\0002两数相加.vcxproj", "{25282108-DC04-491A-94EF-458E8C0711E3}"
EndProject
Project("{8BC9CEB8-8B4A-11D0-8D11-00A0C91BC942}") = "0005最长回文子串", "0005最长回文子串\0005最长回文子串.vcxproj", "{6997B27B-3A90-4AD4-8FFD-8750C994A4CF}"
EndProject
Project("{8BC9CEB8-8B4A-11D0-8D11-00A0C91BC942}") = "0007整数反转", "0007整数反转\0007整数反转.vcxproj", "{686076BE-BB41-4255-8AC9-D7C84D1AE479}"
EndProject
Project("{8BC9CEB8-8B4A-11D0-8D11-00A0C91BC942}") = "0009回文数", "0009回文数\0009回文数.vcxproj", "{5DEF433B-7EA1-456B-AE04-800924C089D5}"
EndProject
Project("{8BC9CEB8-8B4A-11D0-8D11-00A0C91BC942}") = "0011盛最多水的容器", "0011盛最多水的容器\0011盛最多水的容器.vcxproj", "{347D28C1-6F59-4FE3-9547-BD025986CE14}"
EndProject
Project("{8BC9CEB8-8B4A-11D0-8D11-00A0C91BC942}") = "0012整数转罗马数字", "0012整数转罗马数字\0012整数转罗马数字.vcxproj", "{30D72023-AA7F-411C-BDE5-19E45901E9D0}"
EndProject
Project("{8BC9CEB8-8B4A-11D0-8D11-00A0C91BC942}") = "0013罗马数字转整数", "0013罗马数字转数字\0013罗马数字转数字.vcxproj", "{693BFD90-607D-4ED2-887F-C60E7BF8D3A0}"
EndProject
Project("{8BC9CEB8-8B4A-11D0-8D11-00A0C91BC942}") = "0014最长公共前缀", "0014最长公共前缀\0014最长公共前缀.vcxproj", "{896C7189-331F-4116-9081-D903EDBFCB62}"
EndProject
Project("{8BC9CEB8-8B4A-11D0-8D11-00A0C91BC942}") = "0015三数之和", "0015三数之和\0015三数之和.vcxproj", "{5646AEDE-1D2E-4F36-8CCF-C161A1424967}"
EndProject
Project("{8BC9CEB8-8B4A-11D0-8D11-00A0C91BC942}") = "0016最接近的三数之和", "0016最接近的三数之和\0016最接近的三数之和.vcxproj", "{FA7366D0-D721-4DB3-B0B4-08862A618DAF}"
EndProject
Project("{8BC9CEB8-8B4A-11D0-8D11-00A0C91BC942}") = "0020有效的括号", "0020有效的括号\0020有效的括号.vcxproj", "{561DE2C3-078A-4BD2-A07E-2BB53CE72075}"
EndProject
Project("{8BC9CEB8-8B4A-11D0-8D11-00A0C91BC942}") = "0021合并两个有序链表", "0021合并两个有序链表\0021合并两个有序链表.vcxproj", "{3BB3213D-F7C4-4342-9375-F43936569EAF}"
EndProject
Project("{8BC9CEB8-8B4A-11D0-8D11-00A0C91BC942}") = "0026删除有序数组中的重复项", "0026删除有序数组中的重复项\0026删除有序数组中的重复项.vcxproj", "{1A83E675-A5A6-48F3-B840-907166E7EAF5}"
EndProject
Project("{8BC9CEB8-8B4A-11D0-8D11-00A0C91BC942}") = "0027移除元素", "0027移除元素\0027移除元素.vcxproj", "{7894B883-3B7F-4459-A1EA-5C45D1CF26B1}"
EndProject
Project("{8BC9CEB8-8B4A-11D0-8D11-00A0C91BC942}") = "0028实现strStr()", "0028实现strStr()\0028实现strStr().vcxproj", "{69C16749-3217-4AA8-8FEC-0E70613CE073}"
EndProject
Project("{8BC9CEB8-8B4A-11D0-8D11-00A0C91BC942}") = "0035搜索插入位置", "0035搜索插入位置\0035搜索插入位置.vcxproj", "{5DEB6FF7-1DFB-480C-911C-01C67D495371}"
EndProject
Project("{8BC9CEB8-8B4A-11D0-8D11-00A0C91BC942}") = "0053最大子段和", "0053最大子段和\0053最大子段和.vcxproj", "{FE461E7D-F8D5-4A07-9C12-85EE99B57F97}"
EndProject
Project("{8BC9CEB8-8B4A-11D0-8D11-00A0C91BC942}") = "0058最后一个单词的长度", "0058最后一个单词的长度\0058最后一个单词的长度.vcxproj", "{BC5E3F90-08B9-422F-B1EF-7F6167EF52A7}"
EndProject
Project("{8BC9CEB8-8B4A-11D0-8D11-00A0C91BC942}") = "0066加一", "0066加一\0066加一.vcxproj", "{E880D529-ACB7-4F91-935B-C37D65BC68AE}"
EndProject
Project("{8BC9CEB8-8B4A-11D0-8D11-00A0C91BC942}") = "0067二进制求和", "0067二进制求和\0067二进制求和.vcxproj", "{5B45541D-55A4-42D3-AB9C-4BD0FCA2BA40}"
EndProject
Project("{8BC9CEB8-8B4A-11D0-8D11-00A0C91BC942}") = "0069x的平方根", "0069x的平方根\0069x的平方根.vcxproj", "{8FAF5B8B-E721-48F4-962C-53FB558CA7DF}"
EndProject
Project("{8BC9CEB8-8B4A-11D0-8D11-00A0C91BC942}") = "0070爬楼梯", "0070爬楼梯\0070爬楼梯.vcxproj", "{C44925D6-F7F6-46E2-8D7A-562EDEA8E647}"
EndProject
Project("{8BC9CEB8-8B4A-11D0-8D11-00A0C91BC942}") = "0083删除排序链表中的重复元素", "0083删除排序链表中的重复元素\0083删除排序链表中的重复元素.vcxproj", "{63825475-72DE-443B-83E0-2FCA34FC8B4B}"
EndProject
Project("{8BC9CEB8-8B4A-11D0-8D11-00A0C91BC942}") = "0088合并两个有序数组", "0088合并两个有序数组\0088合并两个有序数组.vcxproj", "{7489163D-1501-4543-B44C-DDFCFDF93AFB}"
EndProject
Project("{8BC9CEB8-8B4A-11D0-8D11-00A0C91BC942}") = "0094二叉树的中序遍历", "0094二叉树的中序遍历\0094二叉树的中序遍历.vcxproj", "{1A742FFF-6040-4E69-AE1E-6A7A2D731D3F}"
EndProject
Project("{8BC9CEB8-8B4A-11D0-8D11-00A0C91BC942}") = "0006Z字形变换", "0006Z字形变换\0006Z字形变换.vcxproj", "{D7A5C25B-2F8C-4D7C-AAD8-B6B6D1C097C9}"
EndProject
Project("{8BC9CEB8-8B4A-11D0-8D11-00A0C91BC942}") = "0017电话号码的字母组合", "0017电话号码的字母组合\0017电话号码的字母组合.vcxproj", "{23F81290-CA5F-4A40-B82A-A98629C329A8}"
EndProject
Project("{8BC9CEB8-8B4A-11D0-8D11-00A0C91BC942}") = "0019删除链表的倒数第N个结点", "0019删除链表的倒数第N个结点\0019删除链表的倒数第N个结点.vcxproj", "{B8BC5B4C-0058-4DBD-B819-5DC3EDE37774}"
EndProject
Project("{8BC9CEB8-8B4A-11D0-8D11-00A0C91BC942}") = "0022括号生成", "0022括号生成\0022括号生成.vcxproj", "{84987B91-55B8-4832-9529-E2574BD95E7E}"
EndProject
Project("{8BC9CEB8-8B4A-11D0-8D11-00A0C91BC942}") = "0029两数相除", "0029两数相除\0029两数相除.vcxproj", "{56A4CF3C-23B9-49F8-991B-EB4432F5EF0A}"
EndProject
Project("{8BC9CEB8-8B4A-11D0-8D11-00A0C91BC942}") = "0033搜索旋转排序数组", "0033搜索旋转排序数组\0033搜索旋转排序数组.vcxproj", "{D2491130-01CB-40E4-BD39-ED98766BEDCC}"
EndProject
Project("{8BC9CEB8-8B4A-11D0-8D11-00A0C91BC942}") = "0034在排序数组中查找元素的第一个和最后一个位置", "0034在排序数组中查找元素的第一个和最后一个位置\0034在排序数组中查找元素的第一个和最后一个位置.vcxproj", "{83809305-6831-4133-A8D3-C1B00206D704}"
EndProject
Project("{8BC9CEB8-8B4A-11D0-8D11-00A0C91BC942}") = "0036有效的数独", "0036有效的数独\0036有效的数独.vcxproj", "{FC6647FC-1E46-4435-9ABC-BFBC629B066D}"
EndProject
Project("{8BC9CEB8-8B4A-11D0-8D11-00A0C91BC942}") = "0038外观数列", "0038外观数列\0038外观数列.vcxproj", "{CE864CAC-0BAF-4632-BDF6-99D153C998E8}"
EndProject
Project("{8BC9CEB8-8B4A-11D0-8D11-00A0C91BC942}") = "0039组合总和", "0039组合总和\0039组合总和.vcxproj", "{6B9C9751-193D-4EC3-AD2A-2DB48E9F5026}"
EndProject
Project("{8BC9CEB8-8B4A-11D0-8D11-00A0C91BC942}") = "0043字符串相乘", "0043字符串相乘\0043字符串相乘.vcxproj", "{1241F054-C338-41A6-AFD9-8AF9EDFC600F}"
EndProject
Project("{8BC9CEB8-8B4A-11D0-8D11-00A0C91BC942}") = "0046全排列", "0046全排列\0046全排列.vcxproj", "{C9E66224-14FB-486A-9CCB-CD5F7F336239}"
EndProject
Project("{8BC9CEB8-8B4A-11D0-8D11-00A0C91BC942}") = "0047全排列II", "0047全排列II\0047全排列II.vcxproj", "{B0F850C4-7A32-4CFB-B4A1-B4CB7172B4C4}"
EndProject
Project("{8BC9CEB8-8B4A-11D0-8D11-00A0C91BC942}") = "0048旋转图像", "0048旋转图像\0048旋转图像.vcxproj", "{B7832943-7734-48D4-B908-6F3BFB0D7200}"
EndProject
Project("{8BC9CEB8-8B4A-11D0-8D11-00A0C91BC942}") = "0326三的幂", "0326三的幂\0326三的幂.vcxproj", "{982787D8-AF0E-49CC-9A81-96AB5C83E65C}"
EndProject
Project("{8BC9CEB8-8B4A-11D0-8D11-00A0C91BC942}") = "0049字母异位词分组", "0049字母异位词分组\0049字母异位词分组.vcxproj", "{1FF2A3C2-3499-4C07-8DC2-AE3D83030963}"
EndProject
Project("{8BC9CEB8-8B4A-11D0-8D11-00A0C91BC942}") = "0050Pow(x, n)", "0050Pow(x, n)\0050Pow(x, n).vcxproj", "{B727C600-69B4-4512-80E7-009EA4EA8683}"
EndProject
Project("{8BC9CEB8-8B4A-11D0-8D11-00A0C91BC942}") = "0054螺旋矩阵", "0054螺旋矩阵\0054螺旋矩阵.vcxproj", "{A924DDA4-27DF-4A36-8EE4-5AE1B9F4DA55}"
EndProject
Project("{8BC9CEB8-8B4A-11D0-8D11-00A0C91BC942}") = "0371两整数之和", "0371两整数之和\0371两整数之和.vcxproj", "{772A410C-50BA-4110-BA13-3817C0EAA38D}"
EndProject
Project("{8BC9CEB8-8B4A-11D0-8D11-00A0C91BC942}") = "0055跳跃游戏", "0055跳跃游戏\0055跳跃游戏.vcxproj", "{981696DE-BFFC-47DD-A27A-FC8B4DD18964}"
EndProject
Project("{8BC9CEB8-8B4A-11D0-8D11-00A0C91BC942}") = "0045跳跃游戏II", "0045跳跃游戏II\0045跳跃游戏II.vcxproj", "{B9C74E58-0041-488E-984A-ECDA3B91A831}"
EndProject
Project("{8BC9CEB8-8B4A-11D0-8D11-00A0C91BC942}") = "0056合并区间", "0056合并区间\0056合并区间.vcxproj", "{51B615DF-1867-4B91-9107-35B2355738AF}"
EndProject
Project("{8BC9CEB8-8B4A-11D0-8D11-00A0C91BC942}") = "0057插入区间", "0057插入区间\0057插入区间.vcxproj", "{D09F5212-4E8A-4039-B175-B23600709AA6}"
EndProject
Project("{8BC9CEB8-8B4A-11D0-8D11-00A0C91BC942}") = "0059螺旋矩阵II", "0059螺旋矩阵II\0059螺旋矩阵II.vcxproj", "{FA33142F-A736-4F60-B2BC-CC2FA0CB66FF}"
EndProject
Project("{8BC9CEB8-8B4A-11D0-8D11-00A0C91BC942}") = "0061旋转链表", "0061旋转链表\0061旋转链表.vcxproj", "{3B5F9BB3-BE5D-489E-8EDC-67BD32C5C527}"
EndProject
Project("{8BC9CEB8-8B4A-11D0-8D11-00A0C91BC942}") = "0062不同路径", "0062不同路径\0062不同路径.vcxproj", "{0D5ADBF9-2E67-470E-908B-67CDBF3FDE11}"
EndProject
Project("{8BC9CEB8-8B4A-11D0-8D11-00A0C91BC942}") = "0063不同路径II", "0063不同路径II\0063不同路径II.vcxproj", "{CAC524FE-71CB-4044-9905-6DF838D1980F}"
EndProject
Project("{8BC9CEB8-8B4A-11D0-8D11-00A0C91BC942}") = "0064最小路径和", "0064最小路径和\0064最小路径和.vcxproj", "{DDF1941E-220A-4FC9-ABB3-9828FD415728}"
EndProject
Project("{8BC9CEB8-8B4A-11D0-8D11-00A0C91BC942}") = "5890转换字符串的最少操作次数", "5890转换字符串的最少操作次数\5890转换字符串的最少操作次数.vcxproj", "{62AE963E-E4F2-44FB-89A1-B46D105E0E53}"
EndProject
Project("{8BC9CEB8-8B4A-11D0-8D11-00A0C91BC942}") = "5891找出缺失的观测数据", "5891找出缺失的观测数据\5891找出缺失的观测数据.vcxproj", "{AA2CB6B0-F418-4B6F-B94B-C1EF0693EF5B}"
EndProject
Project("{8BC9CEB8-8B4A-11D0-8D11-00A0C91BC942}") = "0482密钥格式化", "0482密钥格式化\0482密钥格式化.vcxproj", "{E213B401-321F-444E-B37B-176CE7471710}"
EndProject
Project("{8BC9CEB8-8B4A-11D0-8D11-00A0C91BC942}") = "0073矩阵置零", "0073矩阵置零\0073矩阵置零.vcxproj", "{D2652E2C-3412-4F03-BED4-64F29159E481}"
EndProject
Project("{8BC9CEB8-8B4A-11D0-8D11-00A0C91BC942}") = "0074搜索二维矩阵", "0074搜索二维矩阵\0074搜索二维矩阵.vcxproj", "{E3D76B49-3A65-41E3-A0E3-C16D2D7C7E2D}"
EndProject
Project("{8BC9CEB8-8B4A-11D0-8D11-00A0C91BC942}") = "0075颜色分类", "0075颜色分类\0075颜色分类.vcxproj", "{DBF64647-D47C-473F-8037-8D31A8DBBE55}"
EndProject
Project("{8BC9CEB8-8B4A-11D0-8D11-00A0C91BC942}") = "0077组合", "0077组合\0077组合.vcxproj", "{18D0CE37-0CFD-4A39-94C1-1B4F73D55A73}"
EndProject
Project("{8BC9CEB8-8B4A-11D0-8D11-00A0C91BC942}") = "0434字符串中的单词数", "0434字符串中的单词数\0434字符串中的单词数.vcxproj", "{806835B2-FE1C-4B68-B747-28C436B1D381}"
EndProject
Project("{8BC9CEB8-8B4A-11D0-8D11-00A0C91BC942}") = "0412Fizz Buzz", "0412Fizz Buzz\0412Fizz Buzz.vcxproj", "{C1624570-C833-4113-AB52-49069F84882D}"
EndProject
Project("{8BC9CEB8-8B4A-11D0-8D11-00A0C91BC942}") = "0078子集", "0078子集\0078子集.vcxproj", "{76E841EA-C659-45F8-AF0F-8E55CD63864E}"
EndProject
Project("{8BC9CEB8-8B4A-11D0-8D11-00A0C91BC942}") = "剑指OfferII069山峰数组的顶部", "剑指OfferII069山峰数组的顶部\剑指OfferII069山峰数组的顶部.vcxproj", "{27A1C64B-3159-42D7-8B97-23513B858F84}"
EndProject
Project("{8BC9CEB8-8B4A-11D0-8D11-00A0C91BC942}") = "0080删除有序数组中的重复项II", "0080删除有序数组中的重复项II\0080删除有序数组中的重复项II.vcxproj", "{A03083A5-D699-4161-9E43-1A3A6BDC422E}"
EndProject
Project("{8BC9CEB8-8B4A-11D0-8D11-00A0C91BC942}") = "0081搜索旋转排序数组II", "0081搜索旋转排序数组\0081搜索旋转排序数组.vcxproj", "{B1C4A812-9ED7-4FF6-B065-8DF6E2007068}"
EndProject
Project("{8BC9CEB8-8B4A-11D0-8D11-00A0C91BC942}") = "0079单词搜索", "0079单词搜索\0079单词搜索.vcxproj", "{81F13C06-0326-4C03-A19C-FCB77F7203AF}"
EndProject
Global
	GlobalSection(SolutionConfigurationPlatforms) = preSolution
		Debug|x64 = Debug|x64
		Debug|x86 = Debug|x86
		Release|x64 = Release|x64
		Release|x86 = Release|x86
	EndGlobalSection
	GlobalSection(ProjectConfigurationPlatforms) = postSolution
		{A90E90EB-E1D2-4567-91BD-46349C5273CA}.Debug|x64.ActiveCfg = Debug|x64
		{A90E90EB-E1D2-4567-91BD-46349C5273CA}.Debug|x64.Build.0 = Debug|x64
		{A90E90EB-E1D2-4567-91BD-46349C5273CA}.Debug|x86.ActiveCfg = Debug|Win32
		{A90E90EB-E1D2-4567-91BD-46349C5273CA}.Debug|x86.Build.0 = Debug|Win32
		{A90E90EB-E1D2-4567-91BD-46349C5273CA}.Release|x64.ActiveCfg = Release|x64
		{A90E90EB-E1D2-4567-91BD-46349C5273CA}.Release|x64.Build.0 = Release|x64
		{A90E90EB-E1D2-4567-91BD-46349C5273CA}.Release|x86.ActiveCfg = Release|Win32
		{A90E90EB-E1D2-4567-91BD-46349C5273CA}.Release|x86.Build.0 = Release|Win32
		{944F637A-2E4F-4A2A-A68D-89654BA2C274}.Debug|x64.ActiveCfg = Debug|x64
		{944F637A-2E4F-4A2A-A68D-89654BA2C274}.Debug|x64.Build.0 = Debug|x64
		{944F637A-2E4F-4A2A-A68D-89654BA2C274}.Debug|x86.ActiveCfg = Debug|Win32
		{944F637A-2E4F-4A2A-A68D-89654BA2C274}.Debug|x86.Build.0 = Debug|Win32
		{944F637A-2E4F-4A2A-A68D-89654BA2C274}.Release|x64.ActiveCfg = Release|x64
		{944F637A-2E4F-4A2A-A68D-89654BA2C274}.Release|x64.Build.0 = Release|x64
		{944F637A-2E4F-4A2A-A68D-89654BA2C274}.Release|x86.ActiveCfg = Release|Win32
		{944F637A-2E4F-4A2A-A68D-89654BA2C274}.Release|x86.Build.0 = Release|Win32
		{AC07F399-7FE1-419A-BD88-DB1173470E78}.Debug|x64.ActiveCfg = Debug|x64
		{AC07F399-7FE1-419A-BD88-DB1173470E78}.Debug|x64.Build.0 = Debug|x64
		{AC07F399-7FE1-419A-BD88-DB1173470E78}.Debug|x86.ActiveCfg = Debug|Win32
		{AC07F399-7FE1-419A-BD88-DB1173470E78}.Debug|x86.Build.0 = Debug|Win32
		{AC07F399-7FE1-419A-BD88-DB1173470E78}.Release|x64.ActiveCfg = Release|x64
		{AC07F399-7FE1-419A-BD88-DB1173470E78}.Release|x64.Build.0 = Release|x64
		{AC07F399-7FE1-419A-BD88-DB1173470E78}.Release|x86.ActiveCfg = Release|Win32
		{AC07F399-7FE1-419A-BD88-DB1173470E78}.Release|x86.Build.0 = Release|Win32
		{25282108-DC04-491A-94EF-458E8C0711E3}.Debug|x64.ActiveCfg = Debug|x64
		{25282108-DC04-491A-94EF-458E8C0711E3}.Debug|x64.Build.0 = Debug|x64
		{25282108-DC04-491A-94EF-458E8C0711E3}.Debug|x86.ActiveCfg = Debug|Win32
		{25282108-DC04-491A-94EF-458E8C0711E3}.Debug|x86.Build.0 = Debug|Win32
		{25282108-DC04-491A-94EF-458E8C0711E3}.Release|x64.ActiveCfg = Release|x64
		{25282108-DC04-491A-94EF-458E8C0711E3}.Release|x64.Build.0 = Release|x64
		{25282108-DC04-491A-94EF-458E8C0711E3}.Release|x86.ActiveCfg = Release|Win32
		{25282108-DC04-491A-94EF-458E8C0711E3}.Release|x86.Build.0 = Release|Win32
		{6997B27B-3A90-4AD4-8FFD-8750C994A4CF}.Debug|x64.ActiveCfg = Debug|x64
		{6997B27B-3A90-4AD4-8FFD-8750C994A4CF}.Debug|x64.Build.0 = Debug|x64
		{6997B27B-3A90-4AD4-8FFD-8750C994A4CF}.Debug|x86.ActiveCfg = Debug|Win32
		{6997B27B-3A90-4AD4-8FFD-8750C994A4CF}.Debug|x86.Build.0 = Debug|Win32
		{6997B27B-3A90-4AD4-8FFD-8750C994A4CF}.Release|x64.ActiveCfg = Release|x64
		{6997B27B-3A90-4AD4-8FFD-8750C994A4CF}.Release|x64.Build.0 = Release|x64
		{6997B27B-3A90-4AD4-8FFD-8750C994A4CF}.Release|x86.ActiveCfg = Release|Win32
		{6997B27B-3A90-4AD4-8FFD-8750C994A4CF}.Release|x86.Build.0 = Release|Win32
		{686076BE-BB41-4255-8AC9-D7C84D1AE479}.Debug|x64.ActiveCfg = Debug|x64
		{686076BE-BB41-4255-8AC9-D7C84D1AE479}.Debug|x64.Build.0 = Debug|x64
		{686076BE-BB41-4255-8AC9-D7C84D1AE479}.Debug|x86.ActiveCfg = Debug|Win32
		{686076BE-BB41-4255-8AC9-D7C84D1AE479}.Debug|x86.Build.0 = Debug|Win32
		{686076BE-BB41-4255-8AC9-D7C84D1AE479}.Release|x64.ActiveCfg = Release|x64
		{686076BE-BB41-4255-8AC9-D7C84D1AE479}.Release|x64.Build.0 = Release|x64
		{686076BE-BB41-4255-8AC9-D7C84D1AE479}.Release|x86.ActiveCfg = Release|Win32
		{686076BE-BB41-4255-8AC9-D7C84D1AE479}.Release|x86.Build.0 = Release|Win32
		{5DEF433B-7EA1-456B-AE04-800924C089D5}.Debug|x64.ActiveCfg = Debug|x64
		{5DEF433B-7EA1-456B-AE04-800924C089D5}.Debug|x64.Build.0 = Debug|x64
		{5DEF433B-7EA1-456B-AE04-800924C089D5}.Debug|x86.ActiveCfg = Debug|Win32
		{5DEF433B-7EA1-456B-AE04-800924C089D5}.Debug|x86.Build.0 = Debug|Win32
		{5DEF433B-7EA1-456B-AE04-800924C089D5}.Release|x64.ActiveCfg = Release|x64
		{5DEF433B-7EA1-456B-AE04-800924C089D5}.Release|x64.Build.0 = Release|x64
		{5DEF433B-7EA1-456B-AE04-800924C089D5}.Release|x86.ActiveCfg = Release|Win32
		{5DEF433B-7EA1-456B-AE04-800924C089D5}.Release|x86.Build.0 = Release|Win32
		{347D28C1-6F59-4FE3-9547-BD025986CE14}.Debug|x64.ActiveCfg = Debug|x64
		{347D28C1-6F59-4FE3-9547-BD025986CE14}.Debug|x64.Build.0 = Debug|x64
		{347D28C1-6F59-4FE3-9547-BD025986CE14}.Debug|x86.ActiveCfg = Debug|Win32
		{347D28C1-6F59-4FE3-9547-BD025986CE14}.Debug|x86.Build.0 = Debug|Win32
		{347D28C1-6F59-4FE3-9547-BD025986CE14}.Release|x64.ActiveCfg = Release|x64
		{347D28C1-6F59-4FE3-9547-BD025986CE14}.Release|x64.Build.0 = Release|x64
		{347D28C1-6F59-4FE3-9547-BD025986CE14}.Release|x86.ActiveCfg = Release|Win32
		{347D28C1-6F59-4FE3-9547-BD025986CE14}.Release|x86.Build.0 = Release|Win32
		{30D72023-AA7F-411C-BDE5-19E45901E9D0}.Debug|x64.ActiveCfg = Debug|x64
		{30D72023-AA7F-411C-BDE5-19E45901E9D0}.Debug|x64.Build.0 = Debug|x64
		{30D72023-AA7F-411C-BDE5-19E45901E9D0}.Debug|x86.ActiveCfg = Debug|Win32
		{30D72023-AA7F-411C-BDE5-19E45901E9D0}.Debug|x86.Build.0 = Debug|Win32
		{30D72023-AA7F-411C-BDE5-19E45901E9D0}.Release|x64.ActiveCfg = Release|x64
		{30D72023-AA7F-411C-BDE5-19E45901E9D0}.Release|x64.Build.0 = Release|x64
		{30D72023-AA7F-411C-BDE5-19E45901E9D0}.Release|x86.ActiveCfg = Release|Win32
		{30D72023-AA7F-411C-BDE5-19E45901E9D0}.Release|x86.Build.0 = Release|Win32
		{693BFD90-607D-4ED2-887F-C60E7BF8D3A0}.Debug|x64.ActiveCfg = Debug|x64
		{693BFD90-607D-4ED2-887F-C60E7BF8D3A0}.Debug|x64.Build.0 = Debug|x64
		{693BFD90-607D-4ED2-887F-C60E7BF8D3A0}.Debug|x86.ActiveCfg = Debug|Win32
		{693BFD90-607D-4ED2-887F-C60E7BF8D3A0}.Debug|x86.Build.0 = Debug|Win32
		{693BFD90-607D-4ED2-887F-C60E7BF8D3A0}.Release|x64.ActiveCfg = Release|x64
		{693BFD90-607D-4ED2-887F-C60E7BF8D3A0}.Release|x64.Build.0 = Release|x64
		{693BFD90-607D-4ED2-887F-C60E7BF8D3A0}.Release|x86.ActiveCfg = Release|Win32
		{693BFD90-607D-4ED2-887F-C60E7BF8D3A0}.Release|x86.Build.0 = Release|Win32
		{896C7189-331F-4116-9081-D903EDBFCB62}.Debug|x64.ActiveCfg = Debug|x64
		{896C7189-331F-4116-9081-D903EDBFCB62}.Debug|x64.Build.0 = Debug|x64
		{896C7189-331F-4116-9081-D903EDBFCB62}.Debug|x86.ActiveCfg = Debug|Win32
		{896C7189-331F-4116-9081-D903EDBFCB62}.Debug|x86.Build.0 = Debug|Win32
		{896C7189-331F-4116-9081-D903EDBFCB62}.Release|x64.ActiveCfg = Release|x64
		{896C7189-331F-4116-9081-D903EDBFCB62}.Release|x64.Build.0 = Release|x64
		{896C7189-331F-4116-9081-D903EDBFCB62}.Release|x86.ActiveCfg = Release|Win32
		{896C7189-331F-4116-9081-D903EDBFCB62}.Release|x86.Build.0 = Release|Win32
		{5646AEDE-1D2E-4F36-8CCF-C161A1424967}.Debug|x64.ActiveCfg = Debug|x64
		{5646AEDE-1D2E-4F36-8CCF-C161A1424967}.Debug|x64.Build.0 = Debug|x64
		{5646AEDE-1D2E-4F36-8CCF-C161A1424967}.Debug|x86.ActiveCfg = Debug|Win32
		{5646AEDE-1D2E-4F36-8CCF-C161A1424967}.Debug|x86.Build.0 = Debug|Win32
		{5646AEDE-1D2E-4F36-8CCF-C161A1424967}.Release|x64.ActiveCfg = Release|x64
		{5646AEDE-1D2E-4F36-8CCF-C161A1424967}.Release|x64.Build.0 = Release|x64
		{5646AEDE-1D2E-4F36-8CCF-C161A1424967}.Release|x86.ActiveCfg = Release|Win32
		{5646AEDE-1D2E-4F36-8CCF-C161A1424967}.Release|x86.Build.0 = Release|Win32
		{FA7366D0-D721-4DB3-B0B4-08862A618DAF}.Debug|x64.ActiveCfg = Debug|x64
		{FA7366D0-D721-4DB3-B0B4-08862A618DAF}.Debug|x64.Build.0 = Debug|x64
		{FA7366D0-D721-4DB3-B0B4-08862A618DAF}.Debug|x86.ActiveCfg = Debug|Win32
		{FA7366D0-D721-4DB3-B0B4-08862A618DAF}.Debug|x86.Build.0 = Debug|Win32
		{FA7366D0-D721-4DB3-B0B4-08862A618DAF}.Release|x64.ActiveCfg = Release|x64
		{FA7366D0-D721-4DB3-B0B4-08862A618DAF}.Release|x64.Build.0 = Release|x64
		{FA7366D0-D721-4DB3-B0B4-08862A618DAF}.Release|x86.ActiveCfg = Release|Win32
		{FA7366D0-D721-4DB3-B0B4-08862A618DAF}.Release|x86.Build.0 = Release|Win32
		{561DE2C3-078A-4BD2-A07E-2BB53CE72075}.Debug|x64.ActiveCfg = Debug|x64
		{561DE2C3-078A-4BD2-A07E-2BB53CE72075}.Debug|x64.Build.0 = Debug|x64
		{561DE2C3-078A-4BD2-A07E-2BB53CE72075}.Debug|x86.ActiveCfg = Debug|Win32
		{561DE2C3-078A-4BD2-A07E-2BB53CE72075}.Debug|x86.Build.0 = Debug|Win32
		{561DE2C3-078A-4BD2-A07E-2BB53CE72075}.Release|x64.ActiveCfg = Release|x64
		{561DE2C3-078A-4BD2-A07E-2BB53CE72075}.Release|x64.Build.0 = Release|x64
		{561DE2C3-078A-4BD2-A07E-2BB53CE72075}.Release|x86.ActiveCfg = Release|Win32
		{561DE2C3-078A-4BD2-A07E-2BB53CE72075}.Release|x86.Build.0 = Release|Win32
		{3BB3213D-F7C4-4342-9375-F43936569EAF}.Debug|x64.ActiveCfg = Debug|x64
		{3BB3213D-F7C4-4342-9375-F43936569EAF}.Debug|x64.Build.0 = Debug|x64
		{3BB3213D-F7C4-4342-9375-F43936569EAF}.Debug|x86.ActiveCfg = Debug|Win32
		{3BB3213D-F7C4-4342-9375-F43936569EAF}.Debug|x86.Build.0 = Debug|Win32
		{3BB3213D-F7C4-4342-9375-F43936569EAF}.Release|x64.ActiveCfg = Release|x64
		{3BB3213D-F7C4-4342-9375-F43936569EAF}.Release|x64.Build.0 = Release|x64
		{3BB3213D-F7C4-4342-9375-F43936569EAF}.Release|x86.ActiveCfg = Release|Win32
		{3BB3213D-F7C4-4342-9375-F43936569EAF}.Release|x86.Build.0 = Release|Win32
		{1A83E675-A5A6-48F3-B840-907166E7EAF5}.Debug|x64.ActiveCfg = Debug|x64
		{1A83E675-A5A6-48F3-B840-907166E7EAF5}.Debug|x64.Build.0 = Debug|x64
		{1A83E675-A5A6-48F3-B840-907166E7EAF5}.Debug|x86.ActiveCfg = Debug|Win32
		{1A83E675-A5A6-48F3-B840-907166E7EAF5}.Debug|x86.Build.0 = Debug|Win32
		{1A83E675-A5A6-48F3-B840-907166E7EAF5}.Release|x64.ActiveCfg = Release|x64
		{1A83E675-A5A6-48F3-B840-907166E7EAF5}.Release|x64.Build.0 = Release|x64
		{1A83E675-A5A6-48F3-B840-907166E7EAF5}.Release|x86.ActiveCfg = Release|Win32
		{1A83E675-A5A6-48F3-B840-907166E7EAF5}.Release|x86.Build.0 = Release|Win32
		{7894B883-3B7F-4459-A1EA-5C45D1CF26B1}.Debug|x64.ActiveCfg = Debug|x64
		{7894B883-3B7F-4459-A1EA-5C45D1CF26B1}.Debug|x64.Build.0 = Debug|x64
		{7894B883-3B7F-4459-A1EA-5C45D1CF26B1}.Debug|x86.ActiveCfg = Debug|Win32
		{7894B883-3B7F-4459-A1EA-5C45D1CF26B1}.Debug|x86.Build.0 = Debug|Win32
		{7894B883-3B7F-4459-A1EA-5C45D1CF26B1}.Release|x64.ActiveCfg = Release|x64
		{7894B883-3B7F-4459-A1EA-5C45D1CF26B1}.Release|x64.Build.0 = Release|x64
		{7894B883-3B7F-4459-A1EA-5C45D1CF26B1}.Release|x86.ActiveCfg = Release|Win32
		{7894B883-3B7F-4459-A1EA-5C45D1CF26B1}.Release|x86.Build.0 = Release|Win32
		{69C16749-3217-4AA8-8FEC-0E70613CE073}.Debug|x64.ActiveCfg = Debug|x64
		{69C16749-3217-4AA8-8FEC-0E70613CE073}.Debug|x64.Build.0 = Debug|x64
		{69C16749-3217-4AA8-8FEC-0E70613CE073}.Debug|x86.ActiveCfg = Debug|Win32
		{69C16749-3217-4AA8-8FEC-0E70613CE073}.Debug|x86.Build.0 = Debug|Win32
		{69C16749-3217-4AA8-8FEC-0E70613CE073}.Release|x64.ActiveCfg = Release|x64
		{69C16749-3217-4AA8-8FEC-0E70613CE073}.Release|x64.Build.0 = Release|x64
		{69C16749-3217-4AA8-8FEC-0E70613CE073}.Release|x86.ActiveCfg = Release|Win32
		{69C16749-3217-4AA8-8FEC-0E70613CE073}.Release|x86.Build.0 = Release|Win32
		{5DEB6FF7-1DFB-480C-911C-01C67D495371}.Debug|x64.ActiveCfg = Debug|x64
		{5DEB6FF7-1DFB-480C-911C-01C67D495371}.Debug|x64.Build.0 = Debug|x64
		{5DEB6FF7-1DFB-480C-911C-01C67D495371}.Debug|x86.ActiveCfg = Debug|Win32
		{5DEB6FF7-1DFB-480C-911C-01C67D495371}.Debug|x86.Build.0 = Debug|Win32
		{5DEB6FF7-1DFB-480C-911C-01C67D495371}.Release|x64.ActiveCfg = Release|x64
		{5DEB6FF7-1DFB-480C-911C-01C67D495371}.Release|x64.Build.0 = Release|x64
		{5DEB6FF7-1DFB-480C-911C-01C67D495371}.Release|x86.ActiveCfg = Release|Win32
		{5DEB6FF7-1DFB-480C-911C-01C67D495371}.Release|x86.Build.0 = Release|Win32
		{FE461E7D-F8D5-4A07-9C12-85EE99B57F97}.Debug|x64.ActiveCfg = Debug|x64
		{FE461E7D-F8D5-4A07-9C12-85EE99B57F97}.Debug|x64.Build.0 = Debug|x64
		{FE461E7D-F8D5-4A07-9C12-85EE99B57F97}.Debug|x86.ActiveCfg = Debug|Win32
		{FE461E7D-F8D5-4A07-9C12-85EE99B57F97}.Debug|x86.Build.0 = Debug|Win32
		{FE461E7D-F8D5-4A07-9C12-85EE99B57F97}.Release|x64.ActiveCfg = Release|x64
		{FE461E7D-F8D5-4A07-9C12-85EE99B57F97}.Release|x64.Build.0 = Release|x64
		{FE461E7D-F8D5-4A07-9C12-85EE99B57F97}.Release|x86.ActiveCfg = Release|Win32
		{FE461E7D-F8D5-4A07-9C12-85EE99B57F97}.Release|x86.Build.0 = Release|Win32
		{BC5E3F90-08B9-422F-B1EF-7F6167EF52A7}.Debug|x64.ActiveCfg = Debug|x64
		{BC5E3F90-08B9-422F-B1EF-7F6167EF52A7}.Debug|x64.Build.0 = Debug|x64
		{BC5E3F90-08B9-422F-B1EF-7F6167EF52A7}.Debug|x86.ActiveCfg = Debug|Win32
		{BC5E3F90-08B9-422F-B1EF-7F6167EF52A7}.Debug|x86.Build.0 = Debug|Win32
		{BC5E3F90-08B9-422F-B1EF-7F6167EF52A7}.Release|x64.ActiveCfg = Release|x64
		{BC5E3F90-08B9-422F-B1EF-7F6167EF52A7}.Release|x64.Build.0 = Release|x64
		{BC5E3F90-08B9-422F-B1EF-7F6167EF52A7}.Release|x86.ActiveCfg = Release|Win32
		{BC5E3F90-08B9-422F-B1EF-7F6167EF52A7}.Release|x86.Build.0 = Release|Win32
		{E880D529-ACB7-4F91-935B-C37D65BC68AE}.Debug|x64.ActiveCfg = Debug|x64
		{E880D529-ACB7-4F91-935B-C37D65BC68AE}.Debug|x64.Build.0 = Debug|x64
		{E880D529-ACB7-4F91-935B-C37D65BC68AE}.Debug|x86.ActiveCfg = Debug|Win32
		{E880D529-ACB7-4F91-935B-C37D65BC68AE}.Debug|x86.Build.0 = Debug|Win32
		{E880D529-ACB7-4F91-935B-C37D65BC68AE}.Release|x64.ActiveCfg = Release|x64
		{E880D529-ACB7-4F91-935B-C37D65BC68AE}.Release|x64.Build.0 = Release|x64
		{E880D529-ACB7-4F91-935B-C37D65BC68AE}.Release|x86.ActiveCfg = Release|Win32
		{E880D529-ACB7-4F91-935B-C37D65BC68AE}.Release|x86.Build.0 = Release|Win32
		{5B45541D-55A4-42D3-AB9C-4BD0FCA2BA40}.Debug|x64.ActiveCfg = Debug|x64
		{5B45541D-55A4-42D3-AB9C-4BD0FCA2BA40}.Debug|x64.Build.0 = Debug|x64
		{5B45541D-55A4-42D3-AB9C-4BD0FCA2BA40}.Debug|x86.ActiveCfg = Debug|Win32
		{5B45541D-55A4-42D3-AB9C-4BD0FCA2BA40}.Debug|x86.Build.0 = Debug|Win32
		{5B45541D-55A4-42D3-AB9C-4BD0FCA2BA40}.Release|x64.ActiveCfg = Release|x64
		{5B45541D-55A4-42D3-AB9C-4BD0FCA2BA40}.Release|x64.Build.0 = Release|x64
		{5B45541D-55A4-42D3-AB9C-4BD0FCA2BA40}.Release|x86.ActiveCfg = Release|Win32
		{5B45541D-55A4-42D3-AB9C-4BD0FCA2BA40}.Release|x86.Build.0 = Release|Win32
		{8FAF5B8B-E721-48F4-962C-53FB558CA7DF}.Debug|x64.ActiveCfg = Debug|x64
		{8FAF5B8B-E721-48F4-962C-53FB558CA7DF}.Debug|x64.Build.0 = Debug|x64
		{8FAF5B8B-E721-48F4-962C-53FB558CA7DF}.Debug|x86.ActiveCfg = Debug|Win32
		{8FAF5B8B-E721-48F4-962C-53FB558CA7DF}.Debug|x86.Build.0 = Debug|Win32
		{8FAF5B8B-E721-48F4-962C-53FB558CA7DF}.Release|x64.ActiveCfg = Release|x64
		{8FAF5B8B-E721-48F4-962C-53FB558CA7DF}.Release|x64.Build.0 = Release|x64
		{8FAF5B8B-E721-48F4-962C-53FB558CA7DF}.Release|x86.ActiveCfg = Release|Win32
		{8FAF5B8B-E721-48F4-962C-53FB558CA7DF}.Release|x86.Build.0 = Release|Win32
		{C44925D6-F7F6-46E2-8D7A-562EDEA8E647}.Debug|x64.ActiveCfg = Debug|x64
		{C44925D6-F7F6-46E2-8D7A-562EDEA8E647}.Debug|x64.Build.0 = Debug|x64
		{C44925D6-F7F6-46E2-8D7A-562EDEA8E647}.Debug|x86.ActiveCfg = Debug|Win32
		{C44925D6-F7F6-46E2-8D7A-562EDEA8E647}.Debug|x86.Build.0 = Debug|Win32
		{C44925D6-F7F6-46E2-8D7A-562EDEA8E647}.Release|x64.ActiveCfg = Release|x64
		{C44925D6-F7F6-46E2-8D7A-562EDEA8E647}.Release|x64.Build.0 = Release|x64
		{C44925D6-F7F6-46E2-8D7A-562EDEA8E647}.Release|x86.ActiveCfg = Release|Win32
		{C44925D6-F7F6-46E2-8D7A-562EDEA8E647}.Release|x86.Build.0 = Release|Win32
		{63825475-72DE-443B-83E0-2FCA34FC8B4B}.Debug|x64.ActiveCfg = Debug|x64
		{63825475-72DE-443B-83E0-2FCA34FC8B4B}.Debug|x64.Build.0 = Debug|x64
		{63825475-72DE-443B-83E0-2FCA34FC8B4B}.Debug|x86.ActiveCfg = Debug|Win32
		{63825475-72DE-443B-83E0-2FCA34FC8B4B}.Debug|x86.Build.0 = Debug|Win32
		{63825475-72DE-443B-83E0-2FCA34FC8B4B}.Release|x64.ActiveCfg = Release|x64
		{63825475-72DE-443B-83E0-2FCA34FC8B4B}.Release|x64.Build.0 = Release|x64
		{63825475-72DE-443B-83E0-2FCA34FC8B4B}.Release|x86.ActiveCfg = Release|Win32
		{63825475-72DE-443B-83E0-2FCA34FC8B4B}.Release|x86.Build.0 = Release|Win32
		{7489163D-1501-4543-B44C-DDFCFDF93AFB}.Debug|x64.ActiveCfg = Debug|x64
		{7489163D-1501-4543-B44C-DDFCFDF93AFB}.Debug|x64.Build.0 = Debug|x64
		{7489163D-1501-4543-B44C-DDFCFDF93AFB}.Debug|x86.ActiveCfg = Debug|Win32
		{7489163D-1501-4543-B44C-DDFCFDF93AFB}.Debug|x86.Build.0 = Debug|Win32
		{7489163D-1501-4543-B44C-DDFCFDF93AFB}.Release|x64.ActiveCfg = Release|x64
		{7489163D-1501-4543-B44C-DDFCFDF93AFB}.Release|x64.Build.0 = Release|x64
		{7489163D-1501-4543-B44C-DDFCFDF93AFB}.Release|x86.ActiveCfg = Release|Win32
		{7489163D-1501-4543-B44C-DDFCFDF93AFB}.Release|x86.Build.0 = Release|Win32
		{1A742FFF-6040-4E69-AE1E-6A7A2D731D3F}.Debug|x64.ActiveCfg = Debug|x64
		{1A742FFF-6040-4E69-AE1E-6A7A2D731D3F}.Debug|x64.Build.0 = Debug|x64
		{1A742FFF-6040-4E69-AE1E-6A7A2D731D3F}.Debug|x86.ActiveCfg = Debug|Win32
		{1A742FFF-6040-4E69-AE1E-6A7A2D731D3F}.Debug|x86.Build.0 = Debug|Win32
		{1A742FFF-6040-4E69-AE1E-6A7A2D731D3F}.Release|x64.ActiveCfg = Release|x64
		{1A742FFF-6040-4E69-AE1E-6A7A2D731D3F}.Release|x64.Build.0 = Release|x64
		{1A742FFF-6040-4E69-AE1E-6A7A2D731D3F}.Release|x86.ActiveCfg = Release|Win32
		{1A742FFF-6040-4E69-AE1E-6A7A2D731D3F}.Release|x86.Build.0 = Release|Win32
		{D7A5C25B-2F8C-4D7C-AAD8-B6B6D1C097C9}.Debug|x64.ActiveCfg = Debug|x64
		{D7A5C25B-2F8C-4D7C-AAD8-B6B6D1C097C9}.Debug|x64.Build.0 = Debug|x64
		{D7A5C25B-2F8C-4D7C-AAD8-B6B6D1C097C9}.Debug|x86.ActiveCfg = Debug|Win32
		{D7A5C25B-2F8C-4D7C-AAD8-B6B6D1C097C9}.Debug|x86.Build.0 = Debug|Win32
		{D7A5C25B-2F8C-4D7C-AAD8-B6B6D1C097C9}.Release|x64.ActiveCfg = Release|x64
		{D7A5C25B-2F8C-4D7C-AAD8-B6B6D1C097C9}.Release|x64.Build.0 = Release|x64
		{D7A5C25B-2F8C-4D7C-AAD8-B6B6D1C097C9}.Release|x86.ActiveCfg = Release|Win32
		{D7A5C25B-2F8C-4D7C-AAD8-B6B6D1C097C9}.Release|x86.Build.0 = Release|Win32
		{23F81290-CA5F-4A40-B82A-A98629C329A8}.Debug|x64.ActiveCfg = Debug|x64
		{23F81290-CA5F-4A40-B82A-A98629C329A8}.Debug|x64.Build.0 = Debug|x64
		{23F81290-CA5F-4A40-B82A-A98629C329A8}.Debug|x86.ActiveCfg = Debug|Win32
		{23F81290-CA5F-4A40-B82A-A98629C329A8}.Debug|x86.Build.0 = Debug|Win32
		{23F81290-CA5F-4A40-B82A-A98629C329A8}.Release|x64.ActiveCfg = Release|x64
		{23F81290-CA5F-4A40-B82A-A98629C329A8}.Release|x64.Build.0 = Release|x64
		{23F81290-CA5F-4A40-B82A-A98629C329A8}.Release|x86.ActiveCfg = Release|Win32
		{23F81290-CA5F-4A40-B82A-A98629C329A8}.Release|x86.Build.0 = Release|Win32
		{B8BC5B4C-0058-4DBD-B819-5DC3EDE37774}.Debug|x64.ActiveCfg = Debug|x64
		{B8BC5B4C-0058-4DBD-B819-5DC3EDE37774}.Debug|x64.Build.0 = Debug|x64
		{B8BC5B4C-0058-4DBD-B819-5DC3EDE37774}.Debug|x86.ActiveCfg = Debug|Win32
		{B8BC5B4C-0058-4DBD-B819-5DC3EDE37774}.Debug|x86.Build.0 = Debug|Win32
		{B8BC5B4C-0058-4DBD-B819-5DC3EDE37774}.Release|x64.ActiveCfg = Release|x64
		{B8BC5B4C-0058-4DBD-B819-5DC3EDE37774}.Release|x64.Build.0 = Release|x64
		{B8BC5B4C-0058-4DBD-B819-5DC3EDE37774}.Release|x86.ActiveCfg = Release|Win32
		{B8BC5B4C-0058-4DBD-B819-5DC3EDE37774}.Release|x86.Build.0 = Release|Win32
		{84987B91-55B8-4832-9529-E2574BD95E7E}.Debug|x64.ActiveCfg = Debug|x64
		{84987B91-55B8-4832-9529-E2574BD95E7E}.Debug|x64.Build.0 = Debug|x64
		{84987B91-55B8-4832-9529-E2574BD95E7E}.Debug|x86.ActiveCfg = Debug|Win32
		{84987B91-55B8-4832-9529-E2574BD95E7E}.Debug|x86.Build.0 = Debug|Win32
		{84987B91-55B8-4832-9529-E2574BD95E7E}.Release|x64.ActiveCfg = Release|x64
		{84987B91-55B8-4832-9529-E2574BD95E7E}.Release|x64.Build.0 = Release|x64
		{84987B91-55B8-4832-9529-E2574BD95E7E}.Release|x86.ActiveCfg = Release|Win32
		{84987B91-55B8-4832-9529-E2574BD95E7E}.Release|x86.Build.0 = Release|Win32
		{56A4CF3C-23B9-49F8-991B-EB4432F5EF0A}.Debug|x64.ActiveCfg = Debug|x64
		{56A4CF3C-23B9-49F8-991B-EB4432F5EF0A}.Debug|x64.Build.0 = Debug|x64
		{56A4CF3C-23B9-49F8-991B-EB4432F5EF0A}.Debug|x86.ActiveCfg = Debug|Win32
		{56A4CF3C-23B9-49F8-991B-EB4432F5EF0A}.Debug|x86.Build.0 = Debug|Win32
		{56A4CF3C-23B9-49F8-991B-EB4432F5EF0A}.Release|x64.ActiveCfg = Release|x64
		{56A4CF3C-23B9-49F8-991B-EB4432F5EF0A}.Release|x64.Build.0 = Release|x64
		{56A4CF3C-23B9-49F8-991B-EB4432F5EF0A}.Release|x86.ActiveCfg = Release|Win32
		{56A4CF3C-23B9-49F8-991B-EB4432F5EF0A}.Release|x86.Build.0 = Release|Win32
		{D2491130-01CB-40E4-BD39-ED98766BEDCC}.Debug|x64.ActiveCfg = Debug|x64
		{D2491130-01CB-40E4-BD39-ED98766BEDCC}.Debug|x64.Build.0 = Debug|x64
		{D2491130-01CB-40E4-BD39-ED98766BEDCC}.Debug|x86.ActiveCfg = Debug|Win32
		{D2491130-01CB-40E4-BD39-ED98766BEDCC}.Debug|x86.Build.0 = Debug|Win32
		{D2491130-01CB-40E4-BD39-ED98766BEDCC}.Release|x64.ActiveCfg = Release|x64
		{D2491130-01CB-40E4-BD39-ED98766BEDCC}.Release|x64.Build.0 = Release|x64
		{D2491130-01CB-40E4-BD39-ED98766BEDCC}.Release|x86.ActiveCfg = Release|Win32
		{D2491130-01CB-40E4-BD39-ED98766BEDCC}.Release|x86.Build.0 = Release|Win32
		{83809305-6831-4133-A8D3-C1B00206D704}.Debug|x64.ActiveCfg = Debug|x64
		{83809305-6831-4133-A8D3-C1B00206D704}.Debug|x64.Build.0 = Debug|x64
		{83809305-6831-4133-A8D3-C1B00206D704}.Debug|x86.ActiveCfg = Debug|Win32
		{83809305-6831-4133-A8D3-C1B00206D704}.Debug|x86.Build.0 = Debug|Win32
		{83809305-6831-4133-A8D3-C1B00206D704}.Release|x64.ActiveCfg = Release|x64
		{83809305-6831-4133-A8D3-C1B00206D704}.Release|x64.Build.0 = Release|x64
		{83809305-6831-4133-A8D3-C1B00206D704}.Release|x86.ActiveCfg = Release|Win32
		{83809305-6831-4133-A8D3-C1B00206D704}.Release|x86.Build.0 = Release|Win32
		{FC6647FC-1E46-4435-9ABC-BFBC629B066D}.Debug|x64.ActiveCfg = Debug|x64
		{FC6647FC-1E46-4435-9ABC-BFBC629B066D}.Debug|x64.Build.0 = Debug|x64
		{FC6647FC-1E46-4435-9ABC-BFBC629B066D}.Debug|x86.ActiveCfg = Debug|Win32
		{FC6647FC-1E46-4435-9ABC-BFBC629B066D}.Debug|x86.Build.0 = Debug|Win32
		{FC6647FC-1E46-4435-9ABC-BFBC629B066D}.Release|x64.ActiveCfg = Release|x64
		{FC6647FC-1E46-4435-9ABC-BFBC629B066D}.Release|x64.Build.0 = Release|x64
		{FC6647FC-1E46-4435-9ABC-BFBC629B066D}.Release|x86.ActiveCfg = Release|Win32
		{FC6647FC-1E46-4435-9ABC-BFBC629B066D}.Release|x86.Build.0 = Release|Win32
		{CE864CAC-0BAF-4632-BDF6-99D153C998E8}.Debug|x64.ActiveCfg = Debug|x64
		{CE864CAC-0BAF-4632-BDF6-99D153C998E8}.Debug|x64.Build.0 = Debug|x64
		{CE864CAC-0BAF-4632-BDF6-99D153C998E8}.Debug|x86.ActiveCfg = Debug|Win32
		{CE864CAC-0BAF-4632-BDF6-99D153C998E8}.Debug|x86.Build.0 = Debug|Win32
		{CE864CAC-0BAF-4632-BDF6-99D153C998E8}.Release|x64.ActiveCfg = Release|x64
		{CE864CAC-0BAF-4632-BDF6-99D153C998E8}.Release|x64.Build.0 = Release|x64
		{CE864CAC-0BAF-4632-BDF6-99D153C998E8}.Release|x86.ActiveCfg = Release|Win32
		{CE864CAC-0BAF-4632-BDF6-99D153C998E8}.Release|x86.Build.0 = Release|Win32
		{6B9C9751-193D-4EC3-AD2A-2DB48E9F5026}.Debug|x64.ActiveCfg = Debug|x64
		{6B9C9751-193D-4EC3-AD2A-2DB48E9F5026}.Debug|x64.Build.0 = Debug|x64
		{6B9C9751-193D-4EC3-AD2A-2DB48E9F5026}.Debug|x86.ActiveCfg = Debug|Win32
		{6B9C9751-193D-4EC3-AD2A-2DB48E9F5026}.Debug|x86.Build.0 = Debug|Win32
		{6B9C9751-193D-4EC3-AD2A-2DB48E9F5026}.Release|x64.ActiveCfg = Release|x64
		{6B9C9751-193D-4EC3-AD2A-2DB48E9F5026}.Release|x64.Build.0 = Release|x64
		{6B9C9751-193D-4EC3-AD2A-2DB48E9F5026}.Release|x86.ActiveCfg = Release|Win32
		{6B9C9751-193D-4EC3-AD2A-2DB48E9F5026}.Release|x86.Build.0 = Release|Win32
		{1241F054-C338-41A6-AFD9-8AF9EDFC600F}.Debug|x64.ActiveCfg = Debug|x64
		{1241F054-C338-41A6-AFD9-8AF9EDFC600F}.Debug|x64.Build.0 = Debug|x64
		{1241F054-C338-41A6-AFD9-8AF9EDFC600F}.Debug|x86.ActiveCfg = Debug|Win32
		{1241F054-C338-41A6-AFD9-8AF9EDFC600F}.Debug|x86.Build.0 = Debug|Win32
		{1241F054-C338-41A6-AFD9-8AF9EDFC600F}.Release|x64.ActiveCfg = Release|x64
		{1241F054-C338-41A6-AFD9-8AF9EDFC600F}.Release|x64.Build.0 = Release|x64
		{1241F054-C338-41A6-AFD9-8AF9EDFC600F}.Release|x86.ActiveCfg = Release|Win32
		{1241F054-C338-41A6-AFD9-8AF9EDFC600F}.Release|x86.Build.0 = Release|Win32
		{C9E66224-14FB-486A-9CCB-CD5F7F336239}.Debug|x64.ActiveCfg = Debug|x64
		{C9E66224-14FB-486A-9CCB-CD5F7F336239}.Debug|x64.Build.0 = Debug|x64
		{C9E66224-14FB-486A-9CCB-CD5F7F336239}.Debug|x86.ActiveCfg = Debug|Win32
		{C9E66224-14FB-486A-9CCB-CD5F7F336239}.Debug|x86.Build.0 = Debug|Win32
		{C9E66224-14FB-486A-9CCB-CD5F7F336239}.Release|x64.ActiveCfg = Release|x64
		{C9E66224-14FB-486A-9CCB-CD5F7F336239}.Release|x64.Build.0 = Release|x64
		{C9E66224-14FB-486A-9CCB-CD5F7F336239}.Release|x86.ActiveCfg = Release|Win32
		{C9E66224-14FB-486A-9CCB-CD5F7F336239}.Release|x86.Build.0 = Release|Win32
		{B0F850C4-7A32-4CFB-B4A1-B4CB7172B4C4}.Debug|x64.ActiveCfg = Debug|x64
		{B0F850C4-7A32-4CFB-B4A1-B4CB7172B4C4}.Debug|x64.Build.0 = Debug|x64
		{B0F850C4-7A32-4CFB-B4A1-B4CB7172B4C4}.Debug|x86.ActiveCfg = Debug|Win32
		{B0F850C4-7A32-4CFB-B4A1-B4CB7172B4C4}.Debug|x86.Build.0 = Debug|Win32
		{B0F850C4-7A32-4CFB-B4A1-B4CB7172B4C4}.Release|x64.ActiveCfg = Release|x64
		{B0F850C4-7A32-4CFB-B4A1-B4CB7172B4C4}.Release|x64.Build.0 = Release|x64
		{B0F850C4-7A32-4CFB-B4A1-B4CB7172B4C4}.Release|x86.ActiveCfg = Release|Win32
		{B0F850C4-7A32-4CFB-B4A1-B4CB7172B4C4}.Release|x86.Build.0 = Release|Win32
		{B7832943-7734-48D4-B908-6F3BFB0D7200}.Debug|x64.ActiveCfg = Debug|x64
		{B7832943-7734-48D4-B908-6F3BFB0D7200}.Debug|x64.Build.0 = Debug|x64
		{B7832943-7734-48D4-B908-6F3BFB0D7200}.Debug|x86.ActiveCfg = Debug|Win32
		{B7832943-7734-48D4-B908-6F3BFB0D7200}.Debug|x86.Build.0 = Debug|Win32
		{B7832943-7734-48D4-B908-6F3BFB0D7200}.Release|x64.ActiveCfg = Release|x64
		{B7832943-7734-48D4-B908-6F3BFB0D7200}.Release|x64.Build.0 = Release|x64
		{B7832943-7734-48D4-B908-6F3BFB0D7200}.Release|x86.ActiveCfg = Release|Win32
		{B7832943-7734-48D4-B908-6F3BFB0D7200}.Release|x86.Build.0 = Release|Win32
		{982787D8-AF0E-49CC-9A81-96AB5C83E65C}.Debug|x64.ActiveCfg = Debug|x64
		{982787D8-AF0E-49CC-9A81-96AB5C83E65C}.Debug|x64.Build.0 = Debug|x64
		{982787D8-AF0E-49CC-9A81-96AB5C83E65C}.Debug|x86.ActiveCfg = Debug|Win32
		{982787D8-AF0E-49CC-9A81-96AB5C83E65C}.Debug|x86.Build.0 = Debug|Win32
		{982787D8-AF0E-49CC-9A81-96AB5C83E65C}.Release|x64.ActiveCfg = Release|x64
		{982787D8-AF0E-49CC-9A81-96AB5C83E65C}.Release|x64.Build.0 = Release|x64
		{982787D8-AF0E-49CC-9A81-96AB5C83E65C}.Release|x86.ActiveCfg = Release|Win32
		{982787D8-AF0E-49CC-9A81-96AB5C83E65C}.Release|x86.Build.0 = Release|Win32
		{1FF2A3C2-3499-4C07-8DC2-AE3D83030963}.Debug|x64.ActiveCfg = Debug|x64
		{1FF2A3C2-3499-4C07-8DC2-AE3D83030963}.Debug|x64.Build.0 = Debug|x64
		{1FF2A3C2-3499-4C07-8DC2-AE3D83030963}.Debug|x86.ActiveCfg = Debug|Win32
		{1FF2A3C2-3499-4C07-8DC2-AE3D83030963}.Debug|x86.Build.0 = Debug|Win32
		{1FF2A3C2-3499-4C07-8DC2-AE3D83030963}.Release|x64.ActiveCfg = Release|x64
		{1FF2A3C2-3499-4C07-8DC2-AE3D83030963}.Release|x64.Build.0 = Release|x64
		{1FF2A3C2-3499-4C07-8DC2-AE3D83030963}.Release|x86.ActiveCfg = Release|Win32
		{1FF2A3C2-3499-4C07-8DC2-AE3D83030963}.Release|x86.Build.0 = Release|Win32
		{B727C600-69B4-4512-80E7-009EA4EA8683}.Debug|x64.ActiveCfg = Debug|x64
		{B727C600-69B4-4512-80E7-009EA4EA8683}.Debug|x64.Build.0 = Debug|x64
		{B727C600-69B4-4512-80E7-009EA4EA8683}.Debug|x86.ActiveCfg = Debug|Win32
		{B727C600-69B4-4512-80E7-009EA4EA8683}.Debug|x86.Build.0 = Debug|Win32
		{B727C600-69B4-4512-80E7-009EA4EA8683}.Release|x64.ActiveCfg = Release|x64
		{B727C600-69B4-4512-80E7-009EA4EA8683}.Release|x64.Build.0 = Release|x64
		{B727C600-69B4-4512-80E7-009EA4EA8683}.Release|x86.ActiveCfg = Release|Win32
		{B727C600-69B4-4512-80E7-009EA4EA8683}.Release|x86.Build.0 = Release|Win32
		{A924DDA4-27DF-4A36-8EE4-5AE1B9F4DA55}.Debug|x64.ActiveCfg = Debug|x64
		{A924DDA4-27DF-4A36-8EE4-5AE1B9F4DA55}.Debug|x64.Build.0 = Debug|x64
		{A924DDA4-27DF-4A36-8EE4-5AE1B9F4DA55}.Debug|x86.ActiveCfg = Debug|Win32
		{A924DDA4-27DF-4A36-8EE4-5AE1B9F4DA55}.Debug|x86.Build.0 = Debug|Win32
		{A924DDA4-27DF-4A36-8EE4-5AE1B9F4DA55}.Release|x64.ActiveCfg = Release|x64
		{A924DDA4-27DF-4A36-8EE4-5AE1B9F4DA55}.Release|x64.Build.0 = Release|x64
		{A924DDA4-27DF-4A36-8EE4-5AE1B9F4DA55}.Release|x86.ActiveCfg = Release|Win32
		{A924DDA4-27DF-4A36-8EE4-5AE1B9F4DA55}.Release|x86.Build.0 = Release|Win32
		{772A410C-50BA-4110-BA13-3817C0EAA38D}.Debug|x64.ActiveCfg = Debug|x64
		{772A410C-50BA-4110-BA13-3817C0EAA38D}.Debug|x64.Build.0 = Debug|x64
		{772A410C-50BA-4110-BA13-3817C0EAA38D}.Debug|x86.ActiveCfg = Debug|Win32
		{772A410C-50BA-4110-BA13-3817C0EAA38D}.Debug|x86.Build.0 = Debug|Win32
		{772A410C-50BA-4110-BA13-3817C0EAA38D}.Release|x64.ActiveCfg = Release|x64
		{772A410C-50BA-4110-BA13-3817C0EAA38D}.Release|x64.Build.0 = Release|x64
		{772A410C-50BA-4110-BA13-3817C0EAA38D}.Release|x86.ActiveCfg = Release|Win32
		{772A410C-50BA-4110-BA13-3817C0EAA38D}.Release|x86.Build.0 = Release|Win32
		{981696DE-BFFC-47DD-A27A-FC8B4DD18964}.Debug|x64.ActiveCfg = Debug|x64
		{981696DE-BFFC-47DD-A27A-FC8B4DD18964}.Debug|x64.Build.0 = Debug|x64
		{981696DE-BFFC-47DD-A27A-FC8B4DD18964}.Debug|x86.ActiveCfg = Debug|Win32
		{981696DE-BFFC-47DD-A27A-FC8B4DD18964}.Debug|x86.Build.0 = Debug|Win32
		{981696DE-BFFC-47DD-A27A-FC8B4DD18964}.Release|x64.ActiveCfg = Release|x64
		{981696DE-BFFC-47DD-A27A-FC8B4DD18964}.Release|x64.Build.0 = Release|x64
		{981696DE-BFFC-47DD-A27A-FC8B4DD18964}.Release|x86.ActiveCfg = Release|Win32
		{981696DE-BFFC-47DD-A27A-FC8B4DD18964}.Release|x86.Build.0 = Release|Win32
		{B9C74E58-0041-488E-984A-ECDA3B91A831}.Debug|x64.ActiveCfg = Debug|x64
		{B9C74E58-0041-488E-984A-ECDA3B91A831}.Debug|x64.Build.0 = Debug|x64
		{B9C74E58-0041-488E-984A-ECDA3B91A831}.Debug|x86.ActiveCfg = Debug|Win32
		{B9C74E58-0041-488E-984A-ECDA3B91A831}.Debug|x86.Build.0 = Debug|Win32
		{B9C74E58-0041-488E-984A-ECDA3B91A831}.Release|x64.ActiveCfg = Release|x64
		{B9C74E58-0041-488E-984A-ECDA3B91A831}.Release|x64.Build.0 = Release|x64
		{B9C74E58-0041-488E-984A-ECDA3B91A831}.Release|x86.ActiveCfg = Release|Win32
		{B9C74E58-0041-488E-984A-ECDA3B91A831}.Release|x86.Build.0 = Release|Win32
		{51B615DF-1867-4B91-9107-35B2355738AF}.Debug|x64.ActiveCfg = Debug|x64
		{51B615DF-1867-4B91-9107-35B2355738AF}.Debug|x64.Build.0 = Debug|x64
		{51B615DF-1867-4B91-9107-35B2355738AF}.Debug|x86.ActiveCfg = Debug|Win32
		{51B615DF-1867-4B91-9107-35B2355738AF}.Debug|x86.Build.0 = Debug|Win32
		{51B615DF-1867-4B91-9107-35B2355738AF}.Release|x64.ActiveCfg = Release|x64
		{51B615DF-1867-4B91-9107-35B2355738AF}.Release|x64.Build.0 = Release|x64
		{51B615DF-1867-4B91-9107-35B2355738AF}.Release|x86.ActiveCfg = Release|Win32
		{51B615DF-1867-4B91-9107-35B2355738AF}.Release|x86.Build.0 = Release|Win32
		{D09F5212-4E8A-4039-B175-B23600709AA6}.Debug|x64.ActiveCfg = Debug|x64
		{D09F5212-4E8A-4039-B175-B23600709AA6}.Debug|x64.Build.0 = Debug|x64
		{D09F5212-4E8A-4039-B175-B23600709AA6}.Debug|x86.ActiveCfg = Debug|Win32
		{D09F5212-4E8A-4039-B175-B23600709AA6}.Debug|x86.Build.0 = Debug|Win32
		{D09F5212-4E8A-4039-B175-B23600709AA6}.Release|x64.ActiveCfg = Release|x64
		{D09F5212-4E8A-4039-B175-B23600709AA6}.Release|x64.Build.0 = Release|x64
		{D09F5212-4E8A-4039-B175-B23600709AA6}.Release|x86.ActiveCfg = Release|Win32
		{D09F5212-4E8A-4039-B175-B23600709AA6}.Release|x86.Build.0 = Release|Win32
		{FA33142F-A736-4F60-B2BC-CC2FA0CB66FF}.Debug|x64.ActiveCfg = Debug|x64
		{FA33142F-A736-4F60-B2BC-CC2FA0CB66FF}.Debug|x64.Build.0 = Debug|x64
		{FA33142F-A736-4F60-B2BC-CC2FA0CB66FF}.Debug|x86.ActiveCfg = Debug|Win32
		{FA33142F-A736-4F60-B2BC-CC2FA0CB66FF}.Debug|x86.Build.0 = Debug|Win32
		{FA33142F-A736-4F60-B2BC-CC2FA0CB66FF}.Release|x64.ActiveCfg = Release|x64
		{FA33142F-A736-4F60-B2BC-CC2FA0CB66FF}.Release|x64.Build.0 = Release|x64
		{FA33142F-A736-4F60-B2BC-CC2FA0CB66FF}.Release|x86.ActiveCfg = Release|Win32
		{FA33142F-A736-4F60-B2BC-CC2FA0CB66FF}.Release|x86.Build.0 = Release|Win32
		{3B5F9BB3-BE5D-489E-8EDC-67BD32C5C527}.Debug|x64.ActiveCfg = Debug|x64
		{3B5F9BB3-BE5D-489E-8EDC-67BD32C5C527}.Debug|x64.Build.0 = Debug|x64
		{3B5F9BB3-BE5D-489E-8EDC-67BD32C5C527}.Debug|x86.ActiveCfg = Debug|Win32
		{3B5F9BB3-BE5D-489E-8EDC-67BD32C5C527}.Debug|x86.Build.0 = Debug|Win32
		{3B5F9BB3-BE5D-489E-8EDC-67BD32C5C527}.Release|x64.ActiveCfg = Release|x64
		{3B5F9BB3-BE5D-489E-8EDC-67BD32C5C527}.Release|x64.Build.0 = Release|x64
		{3B5F9BB3-BE5D-489E-8EDC-67BD32C5C527}.Release|x86.ActiveCfg = Release|Win32
		{3B5F9BB3-BE5D-489E-8EDC-67BD32C5C527}.Release|x86.Build.0 = Release|Win32
		{0D5ADBF9-2E67-470E-908B-67CDBF3FDE11}.Debug|x64.ActiveCfg = Debug|x64
		{0D5ADBF9-2E67-470E-908B-67CDBF3FDE11}.Debug|x64.Build.0 = Debug|x64
		{0D5ADBF9-2E67-470E-908B-67CDBF3FDE11}.Debug|x86.ActiveCfg = Debug|Win32
		{0D5ADBF9-2E67-470E-908B-67CDBF3FDE11}.Debug|x86.Build.0 = Debug|Win32
		{0D5ADBF9-2E67-470E-908B-67CDBF3FDE11}.Release|x64.ActiveCfg = Release|x64
		{0D5ADBF9-2E67-470E-908B-67CDBF3FDE11}.Release|x64.Build.0 = Release|x64
		{0D5ADBF9-2E67-470E-908B-67CDBF3FDE11}.Release|x86.ActiveCfg = Release|Win32
		{0D5ADBF9-2E67-470E-908B-67CDBF3FDE11}.Release|x86.Build.0 = Release|Win32
		{CAC524FE-71CB-4044-9905-6DF838D1980F}.Debug|x64.ActiveCfg = Debug|x64
		{CAC524FE-71CB-4044-9905-6DF838D1980F}.Debug|x64.Build.0 = Debug|x64
		{CAC524FE-71CB-4044-9905-6DF838D1980F}.Debug|x86.ActiveCfg = Debug|Win32
		{CAC524FE-71CB-4044-9905-6DF838D1980F}.Debug|x86.Build.0 = Debug|Win32
		{CAC524FE-71CB-4044-9905-6DF838D1980F}.Release|x64.ActiveCfg = Release|x64
		{CAC524FE-71CB-4044-9905-6DF838D1980F}.Release|x64.Build.0 = Release|x64
		{CAC524FE-71CB-4044-9905-6DF838D1980F}.Release|x86.ActiveCfg = Release|Win32
		{CAC524FE-71CB-4044-9905-6DF838D1980F}.Release|x86.Build.0 = Release|Win32
		{DDF1941E-220A-4FC9-ABB3-9828FD415728}.Debug|x64.ActiveCfg = Debug|x64
		{DDF1941E-220A-4FC9-ABB3-9828FD415728}.Debug|x64.Build.0 = Debug|x64
		{DDF1941E-220A-4FC9-ABB3-9828FD415728}.Debug|x86.ActiveCfg = Debug|Win32
		{DDF1941E-220A-4FC9-ABB3-9828FD415728}.Debug|x86.Build.0 = Debug|Win32
		{DDF1941E-220A-4FC9-ABB3-9828FD415728}.Release|x64.ActiveCfg = Release|x64
		{DDF1941E-220A-4FC9-ABB3-9828FD415728}.Release|x64.Build.0 = Release|x64
		{DDF1941E-220A-4FC9-ABB3-9828FD415728}.Release|x86.ActiveCfg = Release|Win32
		{DDF1941E-220A-4FC9-ABB3-9828FD415728}.Release|x86.Build.0 = Release|Win32
		{62AE963E-E4F2-44FB-89A1-B46D105E0E53}.Debug|x64.ActiveCfg = Debug|x64
		{62AE963E-E4F2-44FB-89A1-B46D105E0E53}.Debug|x64.Build.0 = Debug|x64
		{62AE963E-E4F2-44FB-89A1-B46D105E0E53}.Debug|x86.ActiveCfg = Debug|Win32
		{62AE963E-E4F2-44FB-89A1-B46D105E0E53}.Debug|x86.Build.0 = Debug|Win32
		{62AE963E-E4F2-44FB-89A1-B46D105E0E53}.Release|x64.ActiveCfg = Release|x64
		{62AE963E-E4F2-44FB-89A1-B46D105E0E53}.Release|x64.Build.0 = Release|x64
		{62AE963E-E4F2-44FB-89A1-B46D105E0E53}.Release|x86.ActiveCfg = Release|Win32
		{62AE963E-E4F2-44FB-89A1-B46D105E0E53}.Release|x86.Build.0 = Release|Win32
		{AA2CB6B0-F418-4B6F-B94B-C1EF0693EF5B}.Debug|x64.ActiveCfg = Debug|x64
		{AA2CB6B0-F418-4B6F-B94B-C1EF0693EF5B}.Debug|x64.Build.0 = Debug|x64
		{AA2CB6B0-F418-4B6F-B94B-C1EF0693EF5B}.Debug|x86.ActiveCfg = Debug|Win32
		{AA2CB6B0-F418-4B6F-B94B-C1EF0693EF5B}.Debug|x86.Build.0 = Debug|Win32
		{AA2CB6B0-F418-4B6F-B94B-C1EF0693EF5B}.Release|x64.ActiveCfg = Release|x64
		{AA2CB6B0-F418-4B6F-B94B-C1EF0693EF5B}.Release|x64.Build.0 = Release|x64
		{AA2CB6B0-F418-4B6F-B94B-C1EF0693EF5B}.Release|x86.ActiveCfg = Release|Win32
		{AA2CB6B0-F418-4B6F-B94B-C1EF0693EF5B}.Release|x86.Build.0 = Release|Win32
		{E213B401-321F-444E-B37B-176CE7471710}.Debug|x64.ActiveCfg = Debug|x64
		{E213B401-321F-444E-B37B-176CE7471710}.Debug|x64.Build.0 = Debug|x64
		{E213B401-321F-444E-B37B-176CE7471710}.Debug|x86.ActiveCfg = Debug|Win32
		{E213B401-321F-444E-B37B-176CE7471710}.Debug|x86.Build.0 = Debug|Win32
		{E213B401-321F-444E-B37B-176CE7471710}.Release|x64.ActiveCfg = Release|x64
		{E213B401-321F-444E-B37B-176CE7471710}.Release|x64.Build.0 = Release|x64
		{E213B401-321F-444E-B37B-176CE7471710}.Release|x86.ActiveCfg = Release|Win32
		{E213B401-321F-444E-B37B-176CE7471710}.Release|x86.Build.0 = Release|Win32
		{D2652E2C-3412-4F03-BED4-64F29159E481}.Debug|x64.ActiveCfg = Debug|x64
		{D2652E2C-3412-4F03-BED4-64F29159E481}.Debug|x64.Build.0 = Debug|x64
		{D2652E2C-3412-4F03-BED4-64F29159E481}.Debug|x86.ActiveCfg = Debug|Win32
		{D2652E2C-3412-4F03-BED4-64F29159E481}.Debug|x86.Build.0 = Debug|Win32
		{D2652E2C-3412-4F03-BED4-64F29159E481}.Release|x64.ActiveCfg = Release|x64
		{D2652E2C-3412-4F03-BED4-64F29159E481}.Release|x64.Build.0 = Release|x64
		{D2652E2C-3412-4F03-BED4-64F29159E481}.Release|x86.ActiveCfg = Release|Win32
		{D2652E2C-3412-4F03-BED4-64F29159E481}.Release|x86.Build.0 = Release|Win32
		{E3D76B49-3A65-41E3-A0E3-C16D2D7C7E2D}.Debug|x64.ActiveCfg = Debug|x64
		{E3D76B49-3A65-41E3-A0E3-C16D2D7C7E2D}.Debug|x64.Build.0 = Debug|x64
		{E3D76B49-3A65-41E3-A0E3-C16D2D7C7E2D}.Debug|x86.ActiveCfg = Debug|Win32
		{E3D76B49-3A65-41E3-A0E3-C16D2D7C7E2D}.Debug|x86.Build.0 = Debug|Win32
		{E3D76B49-3A65-41E3-A0E3-C16D2D7C7E2D}.Release|x64.ActiveCfg = Release|x64
		{E3D76B49-3A65-41E3-A0E3-C16D2D7C7E2D}.Release|x64.Build.0 = Release|x64
		{E3D76B49-3A65-41E3-A0E3-C16D2D7C7E2D}.Release|x86.ActiveCfg = Release|Win32
		{E3D76B49-3A65-41E3-A0E3-C16D2D7C7E2D}.Release|x86.Build.0 = Release|Win32
		{DBF64647-D47C-473F-8037-8D31A8DBBE55}.Debug|x64.ActiveCfg = Debug|x64
		{DBF64647-D47C-473F-8037-8D31A8DBBE55}.Debug|x64.Build.0 = Debug|x64
		{DBF64647-D47C-473F-8037-8D31A8DBBE55}.Debug|x86.ActiveCfg = Debug|Win32
		{DBF64647-D47C-473F-8037-8D31A8DBBE55}.Debug|x86.Build.0 = Debug|Win32
		{DBF64647-D47C-473F-8037-8D31A8DBBE55}.Release|x64.ActiveCfg = Release|x64
		{DBF64647-D47C-473F-8037-8D31A8DBBE55}.Release|x64.Build.0 = Release|x64
		{DBF64647-D47C-473F-8037-8D31A8DBBE55}.Release|x86.ActiveCfg = Release|Win32
		{DBF64647-D47C-473F-8037-8D31A8DBBE55}.Release|x86.Build.0 = Release|Win32
		{18D0CE37-0CFD-4A39-94C1-1B4F73D55A73}.Debug|x64.ActiveCfg = Debug|x64
		{18D0CE37-0CFD-4A39-94C1-1B4F73D55A73}.Debug|x64.Build.0 = Debug|x64
		{18D0CE37-0CFD-4A39-94C1-1B4F73D55A73}.Debug|x86.ActiveCfg = Debug|Win32
		{18D0CE37-0CFD-4A39-94C1-1B4F73D55A73}.Debug|x86.Build.0 = Debug|Win32
		{18D0CE37-0CFD-4A39-94C1-1B4F73D55A73}.Release|x64.ActiveCfg = Release|x64
		{18D0CE37-0CFD-4A39-94C1-1B4F73D55A73}.Release|x64.Build.0 = Release|x64
		{18D0CE37-0CFD-4A39-94C1-1B4F73D55A73}.Release|x86.ActiveCfg = Release|Win32
		{18D0CE37-0CFD-4A39-94C1-1B4F73D55A73}.Release|x86.Build.0 = Release|Win32
		{806835B2-FE1C-4B68-B747-28C436B1D381}.Debug|x64.ActiveCfg = Debug|x64
		{806835B2-FE1C-4B68-B747-28C436B1D381}.Debug|x64.Build.0 = Debug|x64
		{806835B2-FE1C-4B68-B747-28C436B1D381}.Debug|x86.ActiveCfg = Debug|Win32
		{806835B2-FE1C-4B68-B747-28C436B1D381}.Debug|x86.Build.0 = Debug|Win32
		{806835B2-FE1C-4B68-B747-28C436B1D381}.Release|x64.ActiveCfg = Release|x64
		{806835B2-FE1C-4B68-B747-28C436B1D381}.Release|x64.Build.0 = Release|x64
		{806835B2-FE1C-4B68-B747-28C436B1D381}.Release|x86.ActiveCfg = Release|Win32
		{806835B2-FE1C-4B68-B747-28C436B1D381}.Release|x86.Build.0 = Release|Win32
		{C1624570-C833-4113-AB52-49069F84882D}.Debug|x64.ActiveCfg = Debug|x64
		{C1624570-C833-4113-AB52-49069F84882D}.Debug|x64.Build.0 = Debug|x64
		{C1624570-C833-4113-AB52-49069F84882D}.Debug|x86.ActiveCfg = Debug|Win32
		{C1624570-C833-4113-AB52-49069F84882D}.Debug|x86.Build.0 = Debug|Win32
		{C1624570-C833-4113-AB52-49069F84882D}.Release|x64.ActiveCfg = Release|x64
		{C1624570-C833-4113-AB52-49069F84882D}.Release|x64.Build.0 = Release|x64
		{C1624570-C833-4113-AB52-49069F84882D}.Release|x86.ActiveCfg = Release|Win32
		{C1624570-C833-4113-AB52-49069F84882D}.Release|x86.Build.0 = Release|Win32
		{76E841EA-C659-45F8-AF0F-8E55CD63864E}.Debug|x64.ActiveCfg = Debug|x64
		{76E841EA-C659-45F8-AF0F-8E55CD63864E}.Debug|x64.Build.0 = Debug|x64
		{76E841EA-C659-45F8-AF0F-8E55CD63864E}.Debug|x86.ActiveCfg = Debug|Win32
		{76E841EA-C659-45F8-AF0F-8E55CD63864E}.Debug|x86.Build.0 = Debug|Win32
		{76E841EA-C659-45F8-AF0F-8E55CD63864E}.Release|x64.ActiveCfg = Release|x64
		{76E841EA-C659-45F8-AF0F-8E55CD63864E}.Release|x64.Build.0 = Release|x64
		{76E841EA-C659-45F8-AF0F-8E55CD63864E}.Release|x86.ActiveCfg = Release|Win32
		{76E841EA-C659-45F8-AF0F-8E55CD63864E}.Release|x86.Build.0 = Release|Win32
		{27A1C64B-3159-42D7-8B97-23513B858F84}.Debug|x64.ActiveCfg = Debug|x64
		{27A1C64B-3159-42D7-8B97-23513B858F84}.Debug|x64.Build.0 = Debug|x64
		{27A1C64B-3159-42D7-8B97-23513B858F84}.Debug|x86.ActiveCfg = Debug|Win32
		{27A1C64B-3159-42D7-8B97-23513B858F84}.Debug|x86.Build.0 = Debug|Win32
		{27A1C64B-3159-42D7-8B97-23513B858F84}.Release|x64.ActiveCfg = Release|x64
		{27A1C64B-3159-42D7-8B97-23513B858F84}.Release|x64.Build.0 = Release|x64
		{27A1C64B-3159-42D7-8B97-23513B858F84}.Release|x86.ActiveCfg = Release|Win32
		{27A1C64B-3159-42D7-8B97-23513B858F84}.Release|x86.Build.0 = Release|Win32
		{A03083A5-D699-4161-9E43-1A3A6BDC422E}.Debug|x64.ActiveCfg = Debug|x64
		{A03083A5-D699-4161-9E43-1A3A6BDC422E}.Debug|x64.Build.0 = Debug|x64
		{A03083A5-D699-4161-9E43-1A3A6BDC422E}.Debug|x86.ActiveCfg = Debug|Win32
		{A03083A5-D699-4161-9E43-1A3A6BDC422E}.Debug|x86.Build.0 = Debug|Win32
		{A03083A5-D699-4161-9E43-1A3A6BDC422E}.Release|x64.ActiveCfg = Release|x64
		{A03083A5-D699-4161-9E43-1A3A6BDC422E}.Release|x64.Build.0 = Release|x64
		{A03083A5-D699-4161-9E43-1A3A6BDC422E}.Release|x86.ActiveCfg = Release|Win32
		{A03083A5-D699-4161-9E43-1A3A6BDC422E}.Release|x86.Build.0 = Release|Win32
		{B1C4A812-9ED7-4FF6-B065-8DF6E2007068}.Debug|x64.ActiveCfg = Debug|x64
		{B1C4A812-9ED7-4FF6-B065-8DF6E2007068}.Debug|x64.Build.0 = Debug|x64
		{B1C4A812-9ED7-4FF6-B065-8DF6E2007068}.Debug|x86.ActiveCfg = Debug|Win32
		{B1C4A812-9ED7-4FF6-B065-8DF6E2007068}.Debug|x86.Build.0 = Debug|Win32
		{B1C4A812-9ED7-4FF6-B065-8DF6E2007068}.Release|x64.ActiveCfg = Release|x64
		{B1C4A812-9ED7-4FF6-B065-8DF6E2007068}.Release|x64.Build.0 = Release|x64
		{B1C4A812-9ED7-4FF6-B065-8DF6E2007068}.Release|x86.ActiveCfg = Release|Win32
		{B1C4A812-9ED7-4FF6-B065-8DF6E2007068}.Release|x86.Build.0 = Release|Win32
		{81F13C06-0326-4C03-A19C-FCB77F7203AF}.Debug|x64.ActiveCfg = Debug|x64
		{81F13C06-0326-4C03-A19C-FCB77F7203AF}.Debug|x64.Build.0 = Debug|x64
		{81F13C06-0326-4C03-A19C-FCB77F7203AF}.Debug|x86.ActiveCfg = Debug|Win32
		{81F13C06-0326-4C03-A19C-FCB77F7203AF}.Debug|x86.Build.0 = Debug|Win32
		{81F13C06-0326-4C03-A19C-FCB77F7203AF}.Release|x64.ActiveCfg = Release|x64
		{81F13C06-0326-4C03-A19C-FCB77F7203AF}.Release|x64.Build.0 = Release|x64
		{81F13C06-0326-4C03-A19C-FCB77F7203AF}.Release|x86.ActiveCfg = Release|Win32
		{81F13C06-0326-4C03-A19C-FCB77F7203AF}.Release|x86.Build.0 = Release|Win32
	EndGlobalSection
	GlobalSection(SolutionProperties) = preSolution
		HideSolutionNode = FALSE
	EndGlobalSection
	GlobalSection(ExtensibilityGlobals) = postSolution
		SolutionGuid = {D8FB11D9-43EC-4221-8236-1CB31F620303}
	EndGlobalSection
EndGlobal
