
Microsoft Visual Studio Solution File, Format Version 12.00
# Visual Studio Version 16
VisualStudioVersion = 16.0.31424.327
MinimumVisualStudioVersion = 10.0.40219.1
Project("{8BC9CEB8-8B4A-11D0-8D11-00A0C91BC942}") = "0001两数之和", "0001两数之和\0001两数之和.vcxproj", "{A90E90EB-E1D2-4567-91BD-46349C5273CA}"
EndProject
Project("{8BC9CEB8-8B4A-11D0-8D11-00A0C91BC942}") = "0003无重复字符的最长子串", "0003无重复字符的最长子串\0003无重复字符的最长子串.vcxproj", "{944F637A-2E4F-4A2A-A68D-89654BA2C274}"
EndProject
Project("{8BC9CEB8-8B4A-11D0-8D11-00A0C91BC942}") = "0004寻找两个正序数组的中位数", "0004寻找两个正序数组的中位数\0004寻找两个正序数组的中位数.vcxproj", "{AC07F399-7FE1-419A-BD88-DB1173470E78}"
EndProject
Project("{8BC9CEB8-8B4A-11D0-8D11-00A0C91BC942}") = "0002两数相加", "0002两数相加\0002两数相加.vcxproj", "{25282108-DC04-491A-94EF-458E8C0711E3}"
EndProject
Project("{8BC9CEB8-8B4A-11D0-8D11-00A0C91BC942}") = "0005最长回文子串", "0005最长回文子串\0005最长回文子串.vcxproj", "{6997B27B-3A90-4AD4-8FFD-8750C994A4CF}"
EndProject
Project("{8BC9CEB8-8B4A-11D0-8D11-00A0C91BC942}") = "0007整数反转", "0007整数反转\0007整数反转.vcxproj", "{686076BE-BB41-4255-8AC9-D7C84D1AE479}"
EndProject
Project("{8BC9CEB8-8B4A-11D0-8D11-00A0C91BC942}") = "0009回文数", "0009回文数\0009回文数.vcxproj", "{5DEF433B-7EA1-456B-AE04-800924C089D5}"
EndProject
Project("{8BC9CEB8-8B4A-11D0-8D11-00A0C91BC942}") = "0011盛最多水的容器", "0011盛最多水的容器\0011盛最多水的容器.vcxproj", "{347D28C1-6F59-4FE3-9547-BD025986CE14}"
EndProject
Project("{8BC9CEB8-8B4A-11D0-8D11-00A0C91BC942}") = "0012整数转罗马数字", "0012整数转罗马数字\0012整数转罗马数字.vcxproj", "{30D72023-AA7F-411C-BDE5-19E45901E9D0}"
EndProject
Project("{8BC9CEB8-8B4A-11D0-8D11-00A0C91BC942}") = "0013罗马数字转整数", "0013罗马数字转数字\0013罗马数字转数字.vcxproj", "{693BFD90-607D-4ED2-887F-C60E7BF8D3A0}"
EndProject
Project("{8BC9CEB8-8B4A-11D0-8D11-00A0C91BC942}") = "0014最长公共前缀", "0014最长公共前缀\0014最长公共前缀.vcxproj", "{896C7189-331F-4116-9081-D903EDBFCB62}"
EndProject
Project("{8BC9CEB8-8B4A-11D0-8D11-00A0C91BC942}") = "0015三数之和", "0015三数之和\0015三数之和.vcxproj", "{5646AEDE-1D2E-4F36-8CCF-C161A1424967}"
EndProject
Project("{8BC9CEB8-8B4A-11D0-8D11-00A0C91BC942}") = "0016最接近的三数之和", "0016最接近的三数之和\0016最接近的三数之和.vcxproj", "{FA7366D0-D721-4DB3-B0B4-08862A618DAF}"
EndProject
Project("{8BC9CEB8-8B4A-11D0-8D11-00A0C91BC942}") = "0020有效的括号", "0020有效的括号\0020有效的括号.vcxproj", "{561DE2C3-078A-4BD2-A07E-2BB53CE72075}"
EndProject
Project("{8BC9CEB8-8B4A-11D0-8D11-00A0C91BC942}") = "0021合并两个有序链表", "0021合并两个有序链表\0021合并两个有序链表.vcxproj", "{3BB3213D-F7C4-4342-9375-F43936569EAF}"
EndProject
Project("{8BC9CEB8-8B4A-11D0-8D11-00A0C91BC942}") = "0026删除有序数组中的重复项", "0026删除有序数组中的重复项\0026删除有序数组中的重复项.vcxproj", "{1A83E675-A5A6-48F3-B840-907166E7EAF5}"
EndProject
Project("{8BC9CEB8-8B4A-11D0-8D11-00A0C91BC942}") = "0027移除元素", "0027移除元素\0027移除元素.vcxproj", "{7894B883-3B7F-4459-A1EA-5C45D1CF26B1}"
EndProject
Project("{8BC9CEB8-8B4A-11D0-8D11-00A0C91BC942}") = "0028实现strStr()", "0028实现strStr()\0028实现strStr().vcxproj", "{69C16749-3217-4AA8-8FEC-0E70613CE073}"
EndProject
Project("{8BC9CEB8-8B4A-11D0-8D11-00A0C91BC942}") = "0035搜索插入位置", "0035搜索插入位置\0035搜索插入位置.vcxproj", "{5DEB6FF7-1DFB-480C-911C-01C67D495371}"
EndProject
Project("{8BC9CEB8-8B4A-11D0-8D11-00A0C91BC942}") = "0053最大子段和", "0053最大子段和\0053最大子段和.vcxproj", "{FE461E7D-F8D5-4A07-9C12-85EE99B57F97}"
EndProject
Project("{8BC9CEB8-8B4A-11D0-8D11-00A0C91BC942}") = "0058最后一个单词的长度", "0058最后一个单词的长度\0058最后一个单词的长度.vcxproj", "{BC5E3F90-08B9-422F-B1EF-7F6167EF52A7}"
EndProject
Project("{8BC9CEB8-8B4A-11D0-8D11-00A0C91BC942}") = "0066加一", "0066加一\0066加一.vcxproj", "{E880D529-ACB7-4F91-935B-C37D65BC68AE}"
EndProject
Project("{8BC9CEB8-8B4A-11D0-8D11-00A0C91BC942}") = "0067二进制求和", "0067二进制求和\0067二进制求和.vcxproj", "{5B45541D-55A4-42D3-AB9C-4BD0FCA2BA40}"
EndProject
Project("{8BC9CEB8-8B4A-11D0-8D11-00A0C91BC942}") = "0069x的平方根", "0069x的平方根\0069x的平方根.vcxproj", "{8FAF5B8B-E721-48F4-962C-53FB558CA7DF}"
EndProject
Global
	GlobalSection(SolutionConfigurationPlatforms) = preSolution
		Debug|x64 = Debug|x64
		Debug|x86 = Debug|x86
		Release|x64 = Release|x64
		Release|x86 = Release|x86
	EndGlobalSection
	GlobalSection(ProjectConfigurationPlatforms) = postSolution
		{A90E90EB-E1D2-4567-91BD-46349C5273CA}.Debug|x64.ActiveCfg = Debug|x64
		{A90E90EB-E1D2-4567-91BD-46349C5273CA}.Debug|x64.Build.0 = Debug|x64
		{A90E90EB-E1D2-4567-91BD-46349C5273CA}.Debug|x86.ActiveCfg = Debug|Win32
		{A90E90EB-E1D2-4567-91BD-46349C5273CA}.Debug|x86.Build.0 = Debug|Win32
		{A90E90EB-E1D2-4567-91BD-46349C5273CA}.Release|x64.ActiveCfg = Release|x64
		{A90E90EB-E1D2-4567-91BD-46349C5273CA}.Release|x64.Build.0 = Release|x64
		{A90E90EB-E1D2-4567-91BD-46349C5273CA}.Release|x86.ActiveCfg = Release|Win32
		{A90E90EB-E1D2-4567-91BD-46349C5273CA}.Release|x86.Build.0 = Release|Win32
		{944F637A-2E4F-4A2A-A68D-89654BA2C274}.Debug|x64.ActiveCfg = Debug|x64
		{944F637A-2E4F-4A2A-A68D-89654BA2C274}.Debug|x64.Build.0 = Debug|x64
		{944F637A-2E4F-4A2A-A68D-89654BA2C274}.Debug|x86.ActiveCfg = Debug|Win32
		{944F637A-2E4F-4A2A-A68D-89654BA2C274}.Debug|x86.Build.0 = Debug|Win32
		{944F637A-2E4F-4A2A-A68D-89654BA2C274}.Release|x64.ActiveCfg = Release|x64
		{944F637A-2E4F-4A2A-A68D-89654BA2C274}.Release|x64.Build.0 = Release|x64
		{944F637A-2E4F-4A2A-A68D-89654BA2C274}.Release|x86.ActiveCfg = Release|Win32
		{944F637A-2E4F-4A2A-A68D-89654BA2C274}.Release|x86.Build.0 = Release|Win32
		{AC07F399-7FE1-419A-BD88-DB1173470E78}.Debug|x64.ActiveCfg = Debug|x64
		{AC07F399-7FE1-419A-BD88-DB1173470E78}.Debug|x64.Build.0 = Debug|x64
		{AC07F399-7FE1-419A-BD88-DB1173470E78}.Debug|x86.ActiveCfg = Debug|Win32
		{AC07F399-7FE1-419A-BD88-DB1173470E78}.Debug|x86.Build.0 = Debug|Win32
		{AC07F399-7FE1-419A-BD88-DB1173470E78}.Release|x64.ActiveCfg = Release|x64
		{AC07F399-7FE1-419A-BD88-DB1173470E78}.Release|x64.Build.0 = Release|x64
		{AC07F399-7FE1-419A-BD88-DB1173470E78}.Release|x86.ActiveCfg = Release|Win32
		{AC07F399-7FE1-419A-BD88-DB1173470E78}.Release|x86.Build.0 = Release|Win32
		{25282108-DC04-491A-94EF-458E8C0711E3}.Debug|x64.ActiveCfg = Debug|x64
		{25282108-DC04-491A-94EF-458E8C0711E3}.Debug|x64.Build.0 = Debug|x64
		{25282108-DC04-491A-94EF-458E8C0711E3}.Debug|x86.ActiveCfg = Debug|Win32
		{25282108-DC04-491A-94EF-458E8C0711E3}.Debug|x86.Build.0 = Debug|Win32
		{25282108-DC04-491A-94EF-458E8C0711E3}.Release|x64.ActiveCfg = Release|x64
		{25282108-DC04-491A-94EF-458E8C0711E3}.Release|x64.Build.0 = Release|x64
		{25282108-DC04-491A-94EF-458E8C0711E3}.Release|x86.ActiveCfg = Release|Win32
		{25282108-DC04-491A-94EF-458E8C0711E3}.Release|x86.Build.0 = Release|Win32
		{6997B27B-3A90-4AD4-8FFD-8750C994A4CF}.Debug|x64.ActiveCfg = Debug|x64
		{6997B27B-3A90-4AD4-8FFD-8750C994A4CF}.Debug|x64.Build.0 = Debug|x64
		{6997B27B-3A90-4AD4-8FFD-8750C994A4CF}.Debug|x86.ActiveCfg = Debug|Win32
		{6997B27B-3A90-4AD4-8FFD-8750C994A4CF}.Debug|x86.Build.0 = Debug|Win32
		{6997B27B-3A90-4AD4-8FFD-8750C994A4CF}.Release|x64.ActiveCfg = Release|x64
		{6997B27B-3A90-4AD4-8FFD-8750C994A4CF}.Release|x64.Build.0 = Release|x64
		{6997B27B-3A90-4AD4-8FFD-8750C994A4CF}.Release|x86.ActiveCfg = Release|Win32
		{6997B27B-3A90-4AD4-8FFD-8750C994A4CF}.Release|x86.Build.0 = Release|Win32
		{686076BE-BB41-4255-8AC9-D7C84D1AE479}.Debug|x64.ActiveCfg = Debug|x64
		{686076BE-BB41-4255-8AC9-D7C84D1AE479}.Debug|x64.Build.0 = Debug|x64
		{686076BE-BB41-4255-8AC9-D7C84D1AE479}.Debug|x86.ActiveCfg = Debug|Win32
		{686076BE-BB41-4255-8AC9-D7C84D1AE479}.Debug|x86.Build.0 = Debug|Win32
		{686076BE-BB41-4255-8AC9-D7C84D1AE479}.Release|x64.ActiveCfg = Release|x64
		{686076BE-BB41-4255-8AC9-D7C84D1AE479}.Release|x64.Build.0 = Release|x64
		{686076BE-BB41-4255-8AC9-D7C84D1AE479}.Release|x86.ActiveCfg = Release|Win32
		{686076BE-BB41-4255-8AC9-D7C84D1AE479}.Release|x86.Build.0 = Release|Win32
		{5DEF433B-7EA1-456B-AE04-800924C089D5}.Debug|x64.ActiveCfg = Debug|x64
		{5DEF433B-7EA1-456B-AE04-800924C089D5}.Debug|x64.Build.0 = Debug|x64
		{5DEF433B-7EA1-456B-AE04-800924C089D5}.Debug|x86.ActiveCfg = Debug|Win32
		{5DEF433B-7EA1-456B-AE04-800924C089D5}.Debug|x86.Build.0 = Debug|Win32
		{5DEF433B-7EA1-456B-AE04-800924C089D5}.Release|x64.ActiveCfg = Release|x64
		{5DEF433B-7EA1-456B-AE04-800924C089D5}.Release|x64.Build.0 = Release|x64
		{5DEF433B-7EA1-456B-AE04-800924C089D5}.Release|x86.ActiveCfg = Release|Win32
		{5DEF433B-7EA1-456B-AE04-800924C089D5}.Release|x86.Build.0 = Release|Win32
		{347D28C1-6F59-4FE3-9547-BD025986CE14}.Debug|x64.ActiveCfg = Debug|x64
		{347D28C1-6F59-4FE3-9547-BD025986CE14}.Debug|x64.Build.0 = Debug|x64
		{347D28C1-6F59-4FE3-9547-BD025986CE14}.Debug|x86.ActiveCfg = Debug|Win32
		{347D28C1-6F59-4FE3-9547-BD025986CE14}.Debug|x86.Build.0 = Debug|Win32
		{347D28C1-6F59-4FE3-9547-BD025986CE14}.Release|x64.ActiveCfg = Release|x64
		{347D28C1-6F59-4FE3-9547-BD025986CE14}.Release|x64.Build.0 = Release|x64
		{347D28C1-6F59-4FE3-9547-BD025986CE14}.Release|x86.ActiveCfg = Release|Win32
		{347D28C1-6F59-4FE3-9547-BD025986CE14}.Release|x86.Build.0 = Release|Win32
		{30D72023-AA7F-411C-BDE5-19E45901E9D0}.Debug|x64.ActiveCfg = Debug|x64
		{30D72023-AA7F-411C-BDE5-19E45901E9D0}.Debug|x64.Build.0 = Debug|x64
		{30D72023-AA7F-411C-BDE5-19E45901E9D0}.Debug|x86.ActiveCfg = Debug|Win32
		{30D72023-AA7F-411C-BDE5-19E45901E9D0}.Debug|x86.Build.0 = Debug|Win32
		{30D72023-AA7F-411C-BDE5-19E45901E9D0}.Release|x64.ActiveCfg = Release|x64
		{30D72023-AA7F-411C-BDE5-19E45901E9D0}.Release|x64.Build.0 = Release|x64
		{30D72023-AA7F-411C-BDE5-19E45901E9D0}.Release|x86.ActiveCfg = Release|Win32
		{30D72023-AA7F-411C-BDE5-19E45901E9D0}.Release|x86.Build.0 = Release|Win32
		{693BFD90-607D-4ED2-887F-C60E7BF8D3A0}.Debug|x64.ActiveCfg = Debug|x64
		{693BFD90-607D-4ED2-887F-C60E7BF8D3A0}.Debug|x64.Build.0 = Debug|x64
		{693BFD90-607D-4ED2-887F-C60E7BF8D3A0}.Debug|x86.ActiveCfg = Debug|Win32
		{693BFD90-607D-4ED2-887F-C60E7BF8D3A0}.Debug|x86.Build.0 = Debug|Win32
		{693BFD90-607D-4ED2-887F-C60E7BF8D3A0}.Release|x64.ActiveCfg = Release|x64
		{693BFD90-607D-4ED2-887F-C60E7BF8D3A0}.Release|x64.Build.0 = Release|x64
		{693BFD90-607D-4ED2-887F-C60E7BF8D3A0}.Release|x86.ActiveCfg = Release|Win32
		{693BFD90-607D-4ED2-887F-C60E7BF8D3A0}.Release|x86.Build.0 = Release|Win32
		{896C7189-331F-4116-9081-D903EDBFCB62}.Debug|x64.ActiveCfg = Debug|x64
		{896C7189-331F-4116-9081-D903EDBFCB62}.Debug|x64.Build.0 = Debug|x64
		{896C7189-331F-4116-9081-D903EDBFCB62}.Debug|x86.ActiveCfg = Debug|Win32
		{896C7189-331F-4116-9081-D903EDBFCB62}.Debug|x86.Build.0 = Debug|Win32
		{896C7189-331F-4116-9081-D903EDBFCB62}.Release|x64.ActiveCfg = Release|x64
		{896C7189-331F-4116-9081-D903EDBFCB62}.Release|x64.Build.0 = Release|x64
		{896C7189-331F-4116-9081-D903EDBFCB62}.Release|x86.ActiveCfg = Release|Win32
		{896C7189-331F-4116-9081-D903EDBFCB62}.Release|x86.Build.0 = Release|Win32
		{5646AEDE-1D2E-4F36-8CCF-C161A1424967}.Debug|x64.ActiveCfg = Debug|x64
		{5646AEDE-1D2E-4F36-8CCF-C161A1424967}.Debug|x64.Build.0 = Debug|x64
		{5646AEDE-1D2E-4F36-8CCF-C161A1424967}.Debug|x86.ActiveCfg = Debug|Win32
		{5646AEDE-1D2E-4F36-8CCF-C161A1424967}.Debug|x86.Build.0 = Debug|Win32
		{5646AEDE-1D2E-4F36-8CCF-C161A1424967}.Release|x64.ActiveCfg = Release|x64
		{5646AEDE-1D2E-4F36-8CCF-C161A1424967}.Release|x64.Build.0 = Release|x64
		{5646AEDE-1D2E-4F36-8CCF-C161A1424967}.Release|x86.ActiveCfg = Release|Win32
		{5646AEDE-1D2E-4F36-8CCF-C161A1424967}.Release|x86.Build.0 = Release|Win32
		{FA7366D0-D721-4DB3-B0B4-08862A618DAF}.Debug|x64.ActiveCfg = Debug|x64
		{FA7366D0-D721-4DB3-B0B4-08862A618DAF}.Debug|x64.Build.0 = Debug|x64
		{FA7366D0-D721-4DB3-B0B4-08862A618DAF}.Debug|x86.ActiveCfg = Debug|Win32
		{FA7366D0-D721-4DB3-B0B4-08862A618DAF}.Debug|x86.Build.0 = Debug|Win32
		{FA7366D0-D721-4DB3-B0B4-08862A618DAF}.Release|x64.ActiveCfg = Release|x64
		{FA7366D0-D721-4DB3-B0B4-08862A618DAF}.Release|x64.Build.0 = Release|x64
		{FA7366D0-D721-4DB3-B0B4-08862A618DAF}.Release|x86.ActiveCfg = Release|Win32
		{FA7366D0-D721-4DB3-B0B4-08862A618DAF}.Release|x86.Build.0 = Release|Win32
		{561DE2C3-078A-4BD2-A07E-2BB53CE72075}.Debug|x64.ActiveCfg = Debug|x64
		{561DE2C3-078A-4BD2-A07E-2BB53CE72075}.Debug|x64.Build.0 = Debug|x64
		{561DE2C3-078A-4BD2-A07E-2BB53CE72075}.Debug|x86.ActiveCfg = Debug|Win32
		{561DE2C3-078A-4BD2-A07E-2BB53CE72075}.Debug|x86.Build.0 = Debug|Win32
		{561DE2C3-078A-4BD2-A07E-2BB53CE72075}.Release|x64.ActiveCfg = Release|x64
		{561DE2C3-078A-4BD2-A07E-2BB53CE72075}.Release|x64.Build.0 = Release|x64
		{561DE2C3-078A-4BD2-A07E-2BB53CE72075}.Release|x86.ActiveCfg = Release|Win32
		{561DE2C3-078A-4BD2-A07E-2BB53CE72075}.Release|x86.Build.0 = Release|Win32
		{3BB3213D-F7C4-4342-9375-F43936569EAF}.Debug|x64.ActiveCfg = Debug|x64
		{3BB3213D-F7C4-4342-9375-F43936569EAF}.Debug|x64.Build.0 = Debug|x64
		{3BB3213D-F7C4-4342-9375-F43936569EAF}.Debug|x86.ActiveCfg = Debug|Win32
		{3BB3213D-F7C4-4342-9375-F43936569EAF}.Debug|x86.Build.0 = Debug|Win32
		{3BB3213D-F7C4-4342-9375-F43936569EAF}.Release|x64.ActiveCfg = Release|x64
		{3BB3213D-F7C4-4342-9375-F43936569EAF}.Release|x64.Build.0 = Release|x64
		{3BB3213D-F7C4-4342-9375-F43936569EAF}.Release|x86.ActiveCfg = Release|Win32
		{3BB3213D-F7C4-4342-9375-F43936569EAF}.Release|x86.Build.0 = Release|Win32
		{1A83E675-A5A6-48F3-B840-907166E7EAF5}.Debug|x64.ActiveCfg = Debug|x64
		{1A83E675-A5A6-48F3-B840-907166E7EAF5}.Debug|x64.Build.0 = Debug|x64
		{1A83E675-A5A6-48F3-B840-907166E7EAF5}.Debug|x86.ActiveCfg = Debug|Win32
		{1A83E675-A5A6-48F3-B840-907166E7EAF5}.Debug|x86.Build.0 = Debug|Win32
		{1A83E675-A5A6-48F3-B840-907166E7EAF5}.Release|x64.ActiveCfg = Release|x64
		{1A83E675-A5A6-48F3-B840-907166E7EAF5}.Release|x64.Build.0 = Release|x64
		{1A83E675-A5A6-48F3-B840-907166E7EAF5}.Release|x86.ActiveCfg = Release|Win32
		{1A83E675-A5A6-48F3-B840-907166E7EAF5}.Release|x86.Build.0 = Release|Win32
		{7894B883-3B7F-4459-A1EA-5C45D1CF26B1}.Debug|x64.ActiveCfg = Debug|x64
		{7894B883-3B7F-4459-A1EA-5C45D1CF26B1}.Debug|x64.Build.0 = Debug|x64
		{7894B883-3B7F-4459-A1EA-5C45D1CF26B1}.Debug|x86.ActiveCfg = Debug|Win32
		{7894B883-3B7F-4459-A1EA-5C45D1CF26B1}.Debug|x86.Build.0 = Debug|Win32
		{7894B883-3B7F-4459-A1EA-5C45D1CF26B1}.Release|x64.ActiveCfg = Release|x64
		{7894B883-3B7F-4459-A1EA-5C45D1CF26B1}.Release|x64.Build.0 = Release|x64
		{7894B883-3B7F-4459-A1EA-5C45D1CF26B1}.Release|x86.ActiveCfg = Release|Win32
		{7894B883-3B7F-4459-A1EA-5C45D1CF26B1}.Release|x86.Build.0 = Release|Win32
		{69C16749-3217-4AA8-8FEC-0E70613CE073}.Debug|x64.ActiveCfg = Debug|x64
		{69C16749-3217-4AA8-8FEC-0E70613CE073}.Debug|x64.Build.0 = Debug|x64
		{69C16749-3217-4AA8-8FEC-0E70613CE073}.Debug|x86.ActiveCfg = Debug|Win32
		{69C16749-3217-4AA8-8FEC-0E70613CE073}.Debug|x86.Build.0 = Debug|Win32
		{69C16749-3217-4AA8-8FEC-0E70613CE073}.Release|x64.ActiveCfg = Release|x64
		{69C16749-3217-4AA8-8FEC-0E70613CE073}.Release|x64.Build.0 = Release|x64
		{69C16749-3217-4AA8-8FEC-0E70613CE073}.Release|x86.ActiveCfg = Release|Win32
		{69C16749-3217-4AA8-8FEC-0E70613CE073}.Release|x86.Build.0 = Release|Win32
		{5DEB6FF7-1DFB-480C-911C-01C67D495371}.Debug|x64.ActiveCfg = Debug|x64
		{5DEB6FF7-1DFB-480C-911C-01C67D495371}.Debug|x64.Build.0 = Debug|x64
		{5DEB6FF7-1DFB-480C-911C-01C67D495371}.Debug|x86.ActiveCfg = Debug|Win32
		{5DEB6FF7-1DFB-480C-911C-01C67D495371}.Debug|x86.Build.0 = Debug|Win32
		{5DEB6FF7-1DFB-480C-911C-01C67D495371}.Release|x64.ActiveCfg = Release|x64
		{5DEB6FF7-1DFB-480C-911C-01C67D495371}.Release|x64.Build.0 = Release|x64
		{5DEB6FF7-1DFB-480C-911C-01C67D495371}.Release|x86.ActiveCfg = Release|Win32
		{5DEB6FF7-1DFB-480C-911C-01C67D495371}.Release|x86.Build.0 = Release|Win32
		{FE461E7D-F8D5-4A07-9C12-85EE99B57F97}.Debug|x64.ActiveCfg = Debug|x64
		{FE461E7D-F8D5-4A07-9C12-85EE99B57F97}.Debug|x64.Build.0 = Debug|x64
		{FE461E7D-F8D5-4A07-9C12-85EE99B57F97}.Debug|x86.ActiveCfg = Debug|Win32
		{FE461E7D-F8D5-4A07-9C12-85EE99B57F97}.Debug|x86.Build.0 = Debug|Win32
		{FE461E7D-F8D5-4A07-9C12-85EE99B57F97}.Release|x64.ActiveCfg = Release|x64
		{FE461E7D-F8D5-4A07-9C12-85EE99B57F97}.Release|x64.Build.0 = Release|x64
		{FE461E7D-F8D5-4A07-9C12-85EE99B57F97}.Release|x86.ActiveCfg = Release|Win32
		{FE461E7D-F8D5-4A07-9C12-85EE99B57F97}.Release|x86.Build.0 = Release|Win32
		{BC5E3F90-08B9-422F-B1EF-7F6167EF52A7}.Debug|x64.ActiveCfg = Debug|x64
		{BC5E3F90-08B9-422F-B1EF-7F6167EF52A7}.Debug|x64.Build.0 = Debug|x64
		{BC5E3F90-08B9-422F-B1EF-7F6167EF52A7}.Debug|x86.ActiveCfg = Debug|Win32
		{BC5E3F90-08B9-422F-B1EF-7F6167EF52A7}.Debug|x86.Build.0 = Debug|Win32
		{BC5E3F90-08B9-422F-B1EF-7F6167EF52A7}.Release|x64.ActiveCfg = Release|x64
		{BC5E3F90-08B9-422F-B1EF-7F6167EF52A7}.Release|x64.Build.0 = Release|x64
		{BC5E3F90-08B9-422F-B1EF-7F6167EF52A7}.Release|x86.ActiveCfg = Release|Win32
		{BC5E3F90-08B9-422F-B1EF-7F6167EF52A7}.Release|x86.Build.0 = Release|Win32
		{E880D529-ACB7-4F91-935B-C37D65BC68AE}.Debug|x64.ActiveCfg = Debug|x64
		{E880D529-ACB7-4F91-935B-C37D65BC68AE}.Debug|x64.Build.0 = Debug|x64
		{E880D529-ACB7-4F91-935B-C37D65BC68AE}.Debug|x86.ActiveCfg = Debug|Win32
		{E880D529-ACB7-4F91-935B-C37D65BC68AE}.Debug|x86.Build.0 = Debug|Win32
		{E880D529-ACB7-4F91-935B-C37D65BC68AE}.Release|x64.ActiveCfg = Release|x64
		{E880D529-ACB7-4F91-935B-C37D65BC68AE}.Release|x64.Build.0 = Release|x64
		{E880D529-ACB7-4F91-935B-C37D65BC68AE}.Release|x86.ActiveCfg = Release|Win32
		{E880D529-ACB7-4F91-935B-C37D65BC68AE}.Release|x86.Build.0 = Release|Win32
		{5B45541D-55A4-42D3-AB9C-4BD0FCA2BA40}.Debug|x64.ActiveCfg = Debug|x64
		{5B45541D-55A4-42D3-AB9C-4BD0FCA2BA40}.Debug|x64.Build.0 = Debug|x64
		{5B45541D-55A4-42D3-AB9C-4BD0FCA2BA40}.Debug|x86.ActiveCfg = Debug|Win32
		{5B45541D-55A4-42D3-AB9C-4BD0FCA2BA40}.Debug|x86.Build.0 = Debug|Win32
		{5B45541D-55A4-42D3-AB9C-4BD0FCA2BA40}.Release|x64.ActiveCfg = Release|x64
		{5B45541D-55A4-42D3-AB9C-4BD0FCA2BA40}.Release|x64.Build.0 = Release|x64
		{5B45541D-55A4-42D3-AB9C-4BD0FCA2BA40}.Release|x86.ActiveCfg = Release|Win32
		{5B45541D-55A4-42D3-AB9C-4BD0FCA2BA40}.Release|x86.Build.0 = Release|Win32
		{8FAF5B8B-E721-48F4-962C-53FB558CA7DF}.Debug|x64.ActiveCfg = Debug|x64
		{8FAF5B8B-E721-48F4-962C-53FB558CA7DF}.Debug|x64.Build.0 = Debug|x64
		{8FAF5B8B-E721-48F4-962C-53FB558CA7DF}.Debug|x86.ActiveCfg = Debug|Win32
		{8FAF5B8B-E721-48F4-962C-53FB558CA7DF}.Debug|x86.Build.0 = Debug|Win32
		{8FAF5B8B-E721-48F4-962C-53FB558CA7DF}.Release|x64.ActiveCfg = Release|x64
		{8FAF5B8B-E721-48F4-962C-53FB558CA7DF}.Release|x64.Build.0 = Release|x64
		{8FAF5B8B-E721-48F4-962C-53FB558CA7DF}.Release|x86.ActiveCfg = Release|Win32
		{8FAF5B8B-E721-48F4-962C-53FB558CA7DF}.Release|x86.Build.0 = Release|Win32
	EndGlobalSection
	GlobalSection(SolutionProperties) = preSolution
		HideSolutionNode = FALSE
	EndGlobalSection
	GlobalSection(ExtensibilityGlobals) = postSolution
		SolutionGuid = {D8FB11D9-43EC-4221-8236-1CB31F620303}
	EndGlobalSection
EndGlobal
